{
  "version": 4,
  "terraform_version": "1.11.1",
  "serial": 15,
  "lineage": "ba338fb7-a923-8c7b-643b-8ac93bffbe19",
  "outputs": {
    "jumpbox_public_ip": {
      "value": "20.8.117.112",
      "type": "string"
    }
  },
  "resources": [
    {
      "mode": "managed",
      "type": "azurerm_kubernetes_cluster",
      "name": "example",
      "provider": "provider[\"registry.terraform.io/hashicorp/azurerm\"]",
      "instances": [
        {
          "schema_version": 2,
          "attributes": {
            "aci_connector_linux": [],
            "api_server_access_profile": [
              {
                "authorized_ip_ranges": [],
                "subnet_id": "",
                "vnet_integration_enabled": false
              }
            ],
            "api_server_authorized_ip_ranges": [],
            "auto_scaler_profile": [],
            "automatic_channel_upgrade": "",
            "azure_active_directory_role_based_access_control": [],
            "azure_policy_enabled": null,
            "confidential_computing": [],
            "current_kubernetes_version": "1.30.9",
            "custom_ca_trust_certificates_base64": null,
            "default_node_pool": [
              {
                "capacity_reservation_group_id": "",
                "custom_ca_trust_enabled": false,
                "enable_auto_scaling": false,
                "enable_host_encryption": false,
                "enable_node_public_ip": false,
                "fips_enabled": false,
                "gpu_instance": "",
                "host_group_id": "",
                "kubelet_config": [],
                "kubelet_disk_type": "OS",
                "linux_os_config": [],
                "max_count": 0,
                "max_pods": 250,
                "message_of_the_day": "",
                "min_count": 0,
                "name": "system",
                "node_count": 2,
                "node_labels": {},
                "node_network_profile": [],
                "node_public_ip_prefix_id": "",
                "node_taints": null,
                "only_critical_addons_enabled": false,
                "orchestrator_version": "1.30",
                "os_disk_size_gb": 128,
                "os_disk_type": "Managed",
                "os_sku": "Ubuntu",
                "pod_subnet_id": "",
                "proximity_placement_group_id": "",
                "scale_down_mode": "Delete",
                "snapshot_id": "",
                "tags": null,
                "temporary_name_for_rotation": "",
                "type": "VirtualMachineScaleSets",
                "ultra_ssd_enabled": false,
                "upgrade_settings": [
                  {
                    "max_surge": "10%"
                  }
                ],
                "vm_size": "Standard_D2s_v3",
                "vnet_subnet_id": "",
                "workload_runtime": "",
                "zones": null
              }
            ],
            "disk_encryption_set_id": "",
            "dns_prefix": "aksexamplednsprefix1",
            "dns_prefix_private_cluster": "",
            "edge_zone": "",
            "enable_pod_security_policy": false,
            "fqdn": "",
            "http_application_routing_enabled": null,
            "http_application_routing_zone_name": null,
            "http_proxy_config": [],
            "id": "/subscriptions/cfbf374e-840a-4c91-adbc-30df062a7e1c/resourceGroups/sre-resourcegp/providers/Microsoft.ContainerService/managedClusters/sre-aks",
            "identity": [
              {
                "identity_ids": [
                  "/subscriptions/cfbf374e-840a-4c91-adbc-30df062a7e1c/resourceGroups/sre-resourcegp/providers/Microsoft.ManagedIdentity/userAssignedIdentities/aks-example-identity"
                ],
                "principal_id": "",
                "tenant_id": "",
                "type": "UserAssigned"
              }
            ],
            "image_cleaner_enabled": false,
            "image_cleaner_interval_hours": 48,
            "ingress_application_gateway": [],
            "key_management_service": [],
            "key_vault_secrets_provider": [],
            "kube_admin_config": [],
            "kube_admin_config_raw": "",
            "kube_config": [
              {
                "client_certificate": "LS0tLS1CRUdJTiBDRVJUSUZJQ0FURS0tLS0tCk1JSUZIakNDQXdhZ0F3SUJBZ0lSQU13Q05keVlkTXlZNTdmbUpFeVp5Qmt3RFFZSktvWklodmNOQVFFTEJRQXcKRFRFTE1Ba0dBMVVFQXhNQ1kyRXdIaGNOTWpVd016RXhNVEF3TVRFd1doY05NamN3TXpFeE1UQXhNVEV3V2pBdwpNUmN3RlFZRFZRUUtFdzV6ZVhOMFpXMDZiV0Z6ZEdWeWN6RVZNQk1HQTFVRUF4TU1iV0Z6ZEdWeVkyeHBaVzUwCk1JSUNJakFOQmdrcWhraUc5dzBCQVFFRkFBT0NBZzhBTUlJQ0NnS0NBZ0VBcFNGMlFUZkh0NFJVbFBGdlFxOFIKcHRSTXNlQ1RUR3VFMnhUZFdCYUJoM0l1MlJuQzFFb3JpNTBJUE1md0JaUC9GeEJFRTZzeThjb1YvVnYyaUFwbQpJSDVhMnMrQlVPU0t4cS81c3MzL3FwREQ3Z3o1NEJGeWJPOXdRQlFUMkh6RTNpUk9BNGtnMzMyYXluWUVJTEIvCmQxMmtPdytWYnEzVUowTUdoRGY2SVhkZWlvMlpta2tHNUdFYTlSaEx0eVgyWldWRWMvS3ozSm5TMjRzVlFOMW0KYWZtSU1ZY013NVgrWFRaQ0hGUysrbi9GSXA5dTJ2MFYxckpJdFpVQjl3dzBXU1FGekM0TTducG1obXV6aFl4dgplWTJHTFl0M2pmNHY3T3lsTzZxTFY3OCsvaTg1a01hOXNnbnE5aXUzSUw1TXdDNXg0MVBnU0EydzVKN0JKSjBTCjJEMW9MNm1JRzV2MU5GSVlCWEoyZ2NibGxhLzlGSEwrZDQvQ2FwMjJKUFRONlFTK2VHeFpUeUZlYU84Z0JpYkUKRFhPYzVucHRjdGIvdDluK3VtM3lQcUorSk9GTHR5TjgxMmNrbW1FRG1TTnAzOGY1S1UzWEd3K09LZGh4K240UgplcTErZDNETlBKMWJnSHkyZ0ZydHd3VDF2SGQyNDVBMkI5SjhxUU9EZWRXc2NBTE8xTno4WVVEd09qRFhRNmJGCk4vQncvTFNuMWthT3BvSElwR1VraG51cjFLelBWS3BvK3p3Rm8zNVJyUEFUNTZrR3ZKRVBXcDVLSjMvVnVVOXMKczh0QlU2RndLTFVOZDliVCs0M3g0WkpvRmpIYURvdUNFRGpJNXBBYmhxMUxWL1d4amxSeEVickZFay8yQWdvZwphaUxtam1nK3FWTlJKTlArQ3BYYytqMENBd0VBQWFOV01GUXdEZ1lEVlIwUEFRSC9CQVFEQWdXZ01CTUdBMVVkCkpRUU1NQW9HQ0NzR0FRVUZCd01DTUF3R0ExVWRFd0VCL3dRQ01BQXdId1lEVlIwakJCZ3dGb0FVVUh2YkFrcWUKRXhrZnR3UGd4Q29TcnB5VjYvTXdEUVlKS29aSWh2Y05BUUVMQlFBRGdnSUJBRjB5cWRlVk1tc2w3b1pQM1hWdAppMVY3VVJ6TER1akg0cjBFYkxuUWZ1L2RRQ3F1TnJLVmp0QmpxL053Mit4Q1BDV1dQZFBEM2w0SHhvdGoyR1hFCnJRSUpRUDhwOGxNOTJkOWlhT09VMCt6TnRzNDdPZVBMaldRcU00cnYwMmUzZUFyWFNQNGFIMU5leG5sOGxNRFkKRGVsbGp0Vjh3UFNURmVmZXkvclhrL2tGUVpxcGdXVE9sZ1ZLVy9SN3V6MFZuUHdXV2hFeU83d0pRbFZyeVFTZQoveXBFSk9Iek5MRXNxZzllbGdYc0JGaDE3SGNQME40c3M2NHRBVVpaUFc1eGo0TS9MSjV2SG9BdzY0VEpZY2U4ClpHYVVKVVFGOEVjZFlmT1BmdkZ0WGphZkF3aWRrdDc2RDJZcFVvS2gvaVk5UkhmZ3BDcFEzQ2JTMEE0OXhoTFIKcTl1NGVFWVFHdXpwNm5vcFpGbHQ5V056VWJwNDk1aG1sZC8yRzlMN0k4eFkzNUd0MnJ1MmZyQmRxa2hkTytFbgpoSE16U1hwQ3ZvU1ZUOGhOWTNKbUtkV3MyUURaOTBWVytEL3Vyem9QcEw0SCszVkJMSU0yY0J0amhYby9Xak84Ci9QdGh1WHFrYXlrZDNEalVlaWlOVk5UeXFQR2xDWWlKanJ1clZabWtTN0xyZEdkeUx4dWd2ZzZDLzNWUHRVNysKWG82ZmtVSGlxbXdoQ09PYldUeWNxWWdOSTBMRzYrR3p6QmZEZC84VjVHNWNIQXNMdzlJTzRVenh1Sm5ydDlPTgo5TVdwYzl5Vy96WWNGekdNTEMwaEFjdWRnclMzeklBVjZnalZ2MnJRWGkrcFUwY09RSVFSVG9yU2lITXQ1SjJWCkR6bk5vb2FrZndXdXNMbStZeU92UGl3eQotLS0tLUVORCBDRVJUSUZJQ0FURS0tLS0tCg==",
                "client_key": "LS0tLS1CRUdJTiBSU0EgUFJJVkFURSBLRVktLS0tLQpNSUlKS1FJQkFBS0NBZ0VBcFNGMlFUZkh0NFJVbFBGdlFxOFJwdFJNc2VDVFRHdUUyeFRkV0JhQmgzSXUyUm5DCjFFb3JpNTBJUE1md0JaUC9GeEJFRTZzeThjb1YvVnYyaUFwbUlINWEycytCVU9TS3hxLzVzczMvcXBERDdnejUKNEJGeWJPOXdRQlFUMkh6RTNpUk9BNGtnMzMyYXluWUVJTEIvZDEya093K1ZicTNVSjBNR2hEZjZJWGRlaW8yWgpta2tHNUdFYTlSaEx0eVgyWldWRWMvS3ozSm5TMjRzVlFOMW1hZm1JTVljTXc1WCtYVFpDSEZTKytuL0ZJcDl1CjJ2MFYxckpJdFpVQjl3dzBXU1FGekM0TTducG1obXV6aFl4dmVZMkdMWXQzamY0djdPeWxPNnFMVjc4Ky9pODUKa01hOXNnbnE5aXUzSUw1TXdDNXg0MVBnU0EydzVKN0JKSjBTMkQxb0w2bUlHNXYxTkZJWUJYSjJnY2JsbGEvOQpGSEwrZDQvQ2FwMjJKUFRONlFTK2VHeFpUeUZlYU84Z0JpYkVEWE9jNW5wdGN0Yi90OW4rdW0zeVBxSitKT0ZMCnR5TjgxMmNrbW1FRG1TTnAzOGY1S1UzWEd3K09LZGh4K240UmVxMStkM0ROUEoxYmdIeTJnRnJ0d3dUMXZIZDIKNDVBMkI5SjhxUU9EZWRXc2NBTE8xTno4WVVEd09qRFhRNmJGTi9Cdy9MU24xa2FPcG9ISXBHVWtobnVyMUt6UApWS3BvK3p3Rm8zNVJyUEFUNTZrR3ZKRVBXcDVLSjMvVnVVOXNzOHRCVTZGd0tMVU5kOWJUKzQzeDRaSm9GakhhCkRvdUNFRGpJNXBBYmhxMUxWL1d4amxSeEVickZFay8yQWdvZ2FpTG1qbWcrcVZOUkpOUCtDcFhjK2owQ0F3RUEKQVFLQ0FnQUpLQXZZbmZFekdlRmV5T3gwZENTMGJYMDdOOHF6S0JzYjB0SmJPaFJBb0hJOGs1TWNGbWpIdXhOagoyMnBSeE4wV09FNnVFSVlvcGg0R0NIMXBHYnFEL3IybStHNmhQNnI2VFhPNUdIY2V6Qnd4TFFNR0M3R2VuTUJLCnJWSlVaTWE5MHFHSXpLZkgvTDBDa1B5MW0xUFdHSmtzdFRhQ0JwMkc5ODU2c21mcVJ5WTA1SmtwMXZiTTN4MlIKamFGVkxJTzNKNkJlRlkwbnBGZnUySTE3SlV1eWdLV3VxV0Jwei8xa3ljZHNycjVRUVpsNnpBQm5vRFQveks3LwpjcDNEUnlmMzhXbG80dnpRbEhUdTZ6WHZKOVJlbHh4amxpSXcrM0ZJMys1aG1wbFRha1ZoN3Rod1VMVGdGSEMwCjZjT2p5eW1TVm9EMkxBWjV1RmlndExUZEJPQ3dpaGJSWXVXN2xMbFRnNEdhVExGam05U1FIVVM5ZythVFpNTUcKSWcrYUFKazB6YUJyOXMwNUVIRFZZOEJnbjRkV3p4R1hqZkg5V2llZytnUmdkMzl6TXpMT3R6czdwRHVMTXhSagp6QlBwVnJsczZRYkdIamhaZnpLNTN1K2xWMXc2TkhDcUdudEF5SE43REtlS3l0QUQrVzdrSW00b05McXBaYk9mCllNQ0NxSWowN3ZzbDFMdTVSQ1F6d0cvaTN4YnRXazF2M0ZTVkxGMk4zMWc4OHVlQXhvcGloSmU4NmN5UnM3dnQKYk5PRVF3bWZCRmkvMTFNNEJMbm10Y2xYbVVJTWQvMDdqYmdyWHdCaG5aVVFSQkZvaHFjczdZbVE5RHI3OXdlcgpWQmxsZ0hJSkJpV0lqaHhUTGRncGFPOUNoNlBVaEpkWTNkY1FkTnIvR2hMUm1VTElRUUtDQVFFQXh3bVk4Qk5hCjNXWGc2a3FRVUFjb21Lc2g1YkE2RUVCeWZ5QkxkT09yY3J6aStHRXllZ1lha1d3ak5XaVZocXNSL29wN2pWQ3UKMkx4a3hZTU85KzFTTUFMOG5rWE5vQTdIcjNLR3RwSGZXU1FrcjZJMDB1ZXhKMGRnRncvZnJXMC9tZHhBYnd3UgpvNzArWDJ4K2pCK1ZjNGtKQUVRaEgwb2Y5UEgyS01idjA2MkE0eFdZcWxSb2ZZVU90aDMzdXdEVDBmYS9tUkhtClhSS1J5bTZ4enJkVUpWZjlHbFA3RUR3NGRoWDhmbXMxajVlTE1xYnFvalV3SmQzazNYek0rTXJFTEVpbXkxekkKb1pKeDZ0TndLc1hqVm1yS28wQnFiRzdWTVRJOEVMR0taNHA1VDVWVWczaGxEK0hPems4M2NPWHpENTJ5NWduSApuNDMyOVNqL0wxK0l0UUtDQVFFQTFHT3lwQnBFVGhDQnN6M25HRkFNbHk0eTJlRUVDMklST25MY0tOZENyK2w1CnFWOUdTSGVRbHBOU3lZTklubWpZRUphSHMyRUJzWXlDS2FtUSszTU5PcS8vWm9nSTFEZmJyMFZqUEpHL3piMm4Kd3RjNkFyakVpRkJMSGgrNXEzbitja0JsMTlCdm5EQkIwcmM4ck84N2FnNE5adm1uVTlZekUyNXh2SFBoYllYeQpGa2N5V0FZV1hDNjhJVWg5dWxRUndISjZhWGV1TUpWc3RjczBLYUJjNGlhdXBRKytYMUdSbEtaeXJQMWE0TFNTCnRUcDRkaXlpTzJ3b3Uyd2d0VElXWFE0ZmRIVVR4WEd1U2pYei9YaVlwYTNjb0FreFR4K2Rnd2tMY29xelRVRFcKTHJ4ZXdVVTZpSTUvM3lnRzFqV0YxdG9EbEQ3ZE13YXJWRmRrY0M5SWFRS0NBUUVBdnJOclhWcXVETUs0Sk1NYwpVaEVKekh6ckZXOHJzcmFNL1ZDcisyckhzajlZR0RMSWNqRzI4dTV4TFpMdThRQ25WUUxLTGpQSDB0RnVtKzllClFCMmFTWFlUSkhJcytkWXZiT0tHUUJhenNHejQyVzdJdmVwUHlocVE3b2UvQUNOVWRNNmF6Y3I2ZTYrdU95OXcKY0VFeXFHZjd2ODJIRHJ1dXNybkI2SC95K1JXY0QvZDVObmw1UkFwZ2RnMXdkalBzdjVkeksrNENrZHBnNVZ2NQo4TjJtT2NGOE4rV08vNWN6WWJEZkl5RUZTSGNpWDMyZUFaeUViVU9WTE1HT2dqR0VsQWxvQmlEMytoYWVIeWhHCnFEVENCT0o5RkwxN09qbFcrclB1Nk8reWRGSXd1UmVTeWdSb2tEY0NOcG1mdlFRVlJqa0tWMjIzWGlCZkpiWUsKQ2hHMm9RS0NBUUJXNVBkSWxvcU5tY2xHeVRQTVNhdnRDblM1bVlzckVSTlZZM3JacHNCYzhsdlpST2FmYlhPVgpkMjd1alN6ZnlxdGpsZ0t0RENwQ051ZG1IajczOFdsZk1uUit3WGREUkJzNFNWNUJnS3dGZyt1b0ZxQmdUckh4CngxQUVZaHgzb0xET2s3UlhLS3NSTHRrdldkS1VPa2lIcW5vblFFc0tUTitXdXFBRDV6RTZ1d3VCdTkxSUVDMkQKeDRjbTR0NjFwZ0doUi9UM1E0VGIwYmFwWmhyUVVSRFBZZDRnSUNIV0k2dzVNaVJHekYwckJCWGwyYWRCU2grUgp5ajJiK0xBbEVmbitWbkhlRnF4aElwS1pRQnV6LzJ3TWxPWm4vM3JTRVhCREZTYysxS3BwRi9iSkpqNXFPbVdwClN3dmNCQ2RQNnBQNGhEZmtwaGVmOGNHVS96QlRpYlRKQW9JQkFRQ0VEREpObUR2dUdPV0F0NU9PTmNUcFgyUnQKTlZuSVRhd2FQblNxV3B4NW4rdnpHM1U4L2JEenZSVjlMZXFWeWx0bHNqU1l4MmdDczBOMlhvU0w3RzBxOENYbgpSTXFPNGFObUJmSzZ0M1Z4NHROazZ1azQzZTdBZm54QXB1VS9OaVozQjkyVVdhRytPNUpFWFNBQ255SXdvZ1R4CjhqU3VIa2F0cnQrMmJ2YWdCbVMweENCb1pOSWIrdXpWMG54RjVQcE8vbm10YUpvdkpOQ1crUEpkNzJWcjFyWFUKTUZhVktoeVJZREEvYlJ0QzVtRzNqZHprRjh2VVFrTS84aEhoZnY2bWtnVlBXTkdwM01qb3QwTjlQWjhiY1lFbwp3Y3NzTGxibW1DV0R6RFpyNjZ2ZGdMNHBMczcvMmlTa3VlUEV5S1dESTY5R2IxV3c3Tyt5Y3IzRWNiemUKLS0tLS1FTkQgUlNBIFBSSVZBVEUgS0VZLS0tLS0K",
                "cluster_ca_certificate": "LS0tLS1CRUdJTiBDRVJUSUZJQ0FURS0tLS0tCk1JSUU2VENDQXRHZ0F3SUJBZ0lSQU5GcXo2U1d3T25nUmhmc1FRSElsell3RFFZSktvWklodmNOQVFFTEJRQXcKRFRFTE1Ba0dBMVVFQXhNQ1kyRXdJQmNOTWpVd016RXhNVEF3TVRFd1doZ1BNakExTlRBek1URXhNREV4TVRCYQpNQTB4Q3pBSkJnTlZCQU1UQW1OaE1JSUNJakFOQmdrcWhraUc5dzBCQVFFRkFBT0NBZzhBTUlJQ0NnS0NBZ0VBCm9nTHVhcUQ0aGM1VkRXdVdrT3hhMmlqZ3lUU3NaMnFPMnd5dm5mUk1vZVZwcG9JdlI5Tnk4NXovVi83RFRsM3MKYVJrU29GWDMrT2ZyMjlYV0VXVzNMSitwNTZiQlJQY0NLUDZSWkVtU3ZEVDZaL0lkVm54c2NCdnhyT2dqTmpQVQpLR09NdzRXcnRaRXNIb3JHekY5R1lGQkptdTlQbExRZ2oxVWhFZDd5QXlKcmpDdk5scnVaTHJNVXMyUTJCZkQwCkoySGk3RlVUcU5xOHhKWDJCZFVaTEJveVdjRU5SZjN3WHgzMm1OVzZUcTBDMHNaWmxCQ1AxMFBpMGdGWFFPenMKR0JmLzJpalRQN2F2MDlBaUkvdUxxUGs2STMxWFFiVkdoeHpsTFltRStyL0MwamNjUUszd1psZEltTkprUUpkRgpHM3ZiTnJPenlESjhJUmVWRkpQL2h0d2E0V0J5cTZxTmpZZmJTSDFwNTNiSUtBTHZ3d2FKUDAxN0hydDFWNitoCldaemN0eG44VHN3a0tkU1RGeVNMdjdGcHZ2NllJckdaU0Jvblh0THdIaUR5NGMzalFIT0d4WmpTME15U0VWV2cKTTF2cnhnRHBGQ0ZSZ2t6UjZXNXNGb2EzNk84a2dvaDN1L2pXemliVjM0NWhSa0tBUHFVck5uSEY1YXhPVmVOcgpRNjExbm5TZW96SEltQ0VyMi9LYmxBY2U0Qk8zb1ZSWExURE9pUU9qSlViUnpYUjUxOVpoTlpPSjQ2ek9nSlFqCnFsVSsyY0VDRHVHTXRqZ1ZXNml6UllydW45TkQ1U3Y0STFDWFcwVXF6bElQWUU5NUFyc3hPTk9qeVIvdUNHWkcKYVc3Rk9vc0pVQlI1aXo0WnZSWXc0YWFRekVrWVN5VjFzVlRDTk1pbnNiTUNBd0VBQWFOQ01FQXdEZ1lEVlIwUApBUUgvQkFRREFnS2tNQThHQTFVZEV3RUIvd1FGTUFNQkFmOHdIUVlEVlIwT0JCWUVGRkI3MndKS25oTVpIN2NECjRNUXFFcTZjbGV2ek1BMEdDU3FHU0liM0RRRUJDd1VBQTRJQ0FRQnJyR0MyUHR6ZW1Sb25palZWeFFXRXBjYysKMjNEdE5KS0l5cDJKOTBHSmQ5cXduZlNKako4U1hubDc5VldNNjA0U3R1alFCVFV3SWhhQjMydk5WcE5UU1haYwovczBQMzFXTzZKVmxpc1VsZW1MVFl4ZjNqNVhtcVRyelN3aExoT2JvVHhjczlCT09qZjZLNFBLemtrU3BuL0s5Cm5sS1FQNTEzY3IvalY3cnN3b2xpQlhVTFV4dmdXTDlpZ1FYc2h5dnp3THFXQk1FSm1JOEJWYk9DZHlhblRxc3oKZ0JFM1VNZ1JIbmRxaEZpOU1taHovSHVIdDF3TTI2TzN6UDR6aFJTUHozT2Rkak9XRHB6bjBrTldZTm5yMllVZgpLbE4xTGxSbW5nNC90dVBRQlpvVXZmTms5QTkvUjZzSzlJWTJWNUo3cG54NFNzUmpnMzdwR1BoWkE3SHNCS0w1CjJpT3hZMEI2dk1Fb3RCWjlBTFdpTUY3bytZd0JuRU1JeWRyc0lxSHBWMTNwcUV2OFdqa0ZuczFaWHByVm9LcnUKMk9wMi9HQXF1MnRqQUpmRU9FUElaK1JPRjgzR1hBeFYxR1JwNlgzbTVCcUtCMVBEQmVwOWVYWmE5ZnV1OEU5aQo5eVFLTnVWaExRWlZPMEV4QmdYWUNTS1hYZERPOERoeTFTTFdTd1BKRUVGRllUUHQ2bVNZTVBjYW5teVdTN05tCk55UnQyUjRhZDMwWmluc1ZDTUZrbFZETEtvMEZSUytwN2hobk9Jd0JCb2FwM0hXWE11Uzk4cm55L2FOWU1LMXYKdjJvNU5MSlUvQzA3VzlVVjV4aUFFRkR4Ynp2SExBeTdhQmpWYjREbDgrS1Y5YkVMQWtzOStEbFE4NU9jcHh2Tgo4Q2VKSWNDSWNCaTlpNVJXYXc9PQotLS0tLUVORCBDRVJUSUZJQ0FURS0tLS0tCg==",
                "host": "https://aksexamplednsprefix1-p340stdn.privatelink.westeurope.azmk8s.io:443",
                "password": "fmzzxl2muu0lfck1lr4uqcuc08q5xmp8sjm57v0rj7vdp9m30a96i3itworenu3v9zkmt7jvr0ypurm5npo9bzp7w0f1creg0kvtacch9o97s2st4xclpxmf363aoa5f",
                "username": "clusterUser_sre-resourcegp_sre-aks"
              }
            ],
            "kube_config_raw": "apiVersion: v1\nclusters:\n- cluster:\n    certificate-authority-data: LS0tLS1CRUdJTiBDRVJUSUZJQ0FURS0tLS0tCk1JSUU2VENDQXRHZ0F3SUJBZ0lSQU5GcXo2U1d3T25nUmhmc1FRSElsell3RFFZSktvWklodmNOQVFFTEJRQXcKRFRFTE1Ba0dBMVVFQXhNQ1kyRXdJQmNOTWpVd016RXhNVEF3TVRFd1doZ1BNakExTlRBek1URXhNREV4TVRCYQpNQTB4Q3pBSkJnTlZCQU1UQW1OaE1JSUNJakFOQmdrcWhraUc5dzBCQVFFRkFBT0NBZzhBTUlJQ0NnS0NBZ0VBCm9nTHVhcUQ0aGM1VkRXdVdrT3hhMmlqZ3lUU3NaMnFPMnd5dm5mUk1vZVZwcG9JdlI5Tnk4NXovVi83RFRsM3MKYVJrU29GWDMrT2ZyMjlYV0VXVzNMSitwNTZiQlJQY0NLUDZSWkVtU3ZEVDZaL0lkVm54c2NCdnhyT2dqTmpQVQpLR09NdzRXcnRaRXNIb3JHekY5R1lGQkptdTlQbExRZ2oxVWhFZDd5QXlKcmpDdk5scnVaTHJNVXMyUTJCZkQwCkoySGk3RlVUcU5xOHhKWDJCZFVaTEJveVdjRU5SZjN3WHgzMm1OVzZUcTBDMHNaWmxCQ1AxMFBpMGdGWFFPenMKR0JmLzJpalRQN2F2MDlBaUkvdUxxUGs2STMxWFFiVkdoeHpsTFltRStyL0MwamNjUUszd1psZEltTkprUUpkRgpHM3ZiTnJPenlESjhJUmVWRkpQL2h0d2E0V0J5cTZxTmpZZmJTSDFwNTNiSUtBTHZ3d2FKUDAxN0hydDFWNitoCldaemN0eG44VHN3a0tkU1RGeVNMdjdGcHZ2NllJckdaU0Jvblh0THdIaUR5NGMzalFIT0d4WmpTME15U0VWV2cKTTF2cnhnRHBGQ0ZSZ2t6UjZXNXNGb2EzNk84a2dvaDN1L2pXemliVjM0NWhSa0tBUHFVck5uSEY1YXhPVmVOcgpRNjExbm5TZW96SEltQ0VyMi9LYmxBY2U0Qk8zb1ZSWExURE9pUU9qSlViUnpYUjUxOVpoTlpPSjQ2ek9nSlFqCnFsVSsyY0VDRHVHTXRqZ1ZXNml6UllydW45TkQ1U3Y0STFDWFcwVXF6bElQWUU5NUFyc3hPTk9qeVIvdUNHWkcKYVc3Rk9vc0pVQlI1aXo0WnZSWXc0YWFRekVrWVN5VjFzVlRDTk1pbnNiTUNBd0VBQWFOQ01FQXdEZ1lEVlIwUApBUUgvQkFRREFnS2tNQThHQTFVZEV3RUIvd1FGTUFNQkFmOHdIUVlEVlIwT0JCWUVGRkI3MndKS25oTVpIN2NECjRNUXFFcTZjbGV2ek1BMEdDU3FHU0liM0RRRUJDd1VBQTRJQ0FRQnJyR0MyUHR6ZW1Sb25palZWeFFXRXBjYysKMjNEdE5KS0l5cDJKOTBHSmQ5cXduZlNKako4U1hubDc5VldNNjA0U3R1alFCVFV3SWhhQjMydk5WcE5UU1haYwovczBQMzFXTzZKVmxpc1VsZW1MVFl4ZjNqNVhtcVRyelN3aExoT2JvVHhjczlCT09qZjZLNFBLemtrU3BuL0s5Cm5sS1FQNTEzY3IvalY3cnN3b2xpQlhVTFV4dmdXTDlpZ1FYc2h5dnp3THFXQk1FSm1JOEJWYk9DZHlhblRxc3oKZ0JFM1VNZ1JIbmRxaEZpOU1taHovSHVIdDF3TTI2TzN6UDR6aFJTUHozT2Rkak9XRHB6bjBrTldZTm5yMllVZgpLbE4xTGxSbW5nNC90dVBRQlpvVXZmTms5QTkvUjZzSzlJWTJWNUo3cG54NFNzUmpnMzdwR1BoWkE3SHNCS0w1CjJpT3hZMEI2dk1Fb3RCWjlBTFdpTUY3bytZd0JuRU1JeWRyc0lxSHBWMTNwcUV2OFdqa0ZuczFaWHByVm9LcnUKMk9wMi9HQXF1MnRqQUpmRU9FUElaK1JPRjgzR1hBeFYxR1JwNlgzbTVCcUtCMVBEQmVwOWVYWmE5ZnV1OEU5aQo5eVFLTnVWaExRWlZPMEV4QmdYWUNTS1hYZERPOERoeTFTTFdTd1BKRUVGRllUUHQ2bVNZTVBjYW5teVdTN05tCk55UnQyUjRhZDMwWmluc1ZDTUZrbFZETEtvMEZSUytwN2hobk9Jd0JCb2FwM0hXWE11Uzk4cm55L2FOWU1LMXYKdjJvNU5MSlUvQzA3VzlVVjV4aUFFRkR4Ynp2SExBeTdhQmpWYjREbDgrS1Y5YkVMQWtzOStEbFE4NU9jcHh2Tgo4Q2VKSWNDSWNCaTlpNVJXYXc9PQotLS0tLUVORCBDRVJUSUZJQ0FURS0tLS0tCg==\n    server: https://aksexamplednsprefix1-p340stdn.privatelink.westeurope.azmk8s.io:443\n  name: sre-aks\ncontexts:\n- context:\n    cluster: sre-aks\n    user: clusterUser_sre-resourcegp_sre-aks\n  name: sre-aks\ncurrent-context: sre-aks\nkind: Config\npreferences: {}\nusers:\n- name: clusterUser_sre-resourcegp_sre-aks\n  user:\n    client-certificate-data: LS0tLS1CRUdJTiBDRVJUSUZJQ0FURS0tLS0tCk1JSUZIakNDQXdhZ0F3SUJBZ0lSQU13Q05keVlkTXlZNTdmbUpFeVp5Qmt3RFFZSktvWklodmNOQVFFTEJRQXcKRFRFTE1Ba0dBMVVFQXhNQ1kyRXdIaGNOTWpVd016RXhNVEF3TVRFd1doY05NamN3TXpFeE1UQXhNVEV3V2pBdwpNUmN3RlFZRFZRUUtFdzV6ZVhOMFpXMDZiV0Z6ZEdWeWN6RVZNQk1HQTFVRUF4TU1iV0Z6ZEdWeVkyeHBaVzUwCk1JSUNJakFOQmdrcWhraUc5dzBCQVFFRkFBT0NBZzhBTUlJQ0NnS0NBZ0VBcFNGMlFUZkh0NFJVbFBGdlFxOFIKcHRSTXNlQ1RUR3VFMnhUZFdCYUJoM0l1MlJuQzFFb3JpNTBJUE1md0JaUC9GeEJFRTZzeThjb1YvVnYyaUFwbQpJSDVhMnMrQlVPU0t4cS81c3MzL3FwREQ3Z3o1NEJGeWJPOXdRQlFUMkh6RTNpUk9BNGtnMzMyYXluWUVJTEIvCmQxMmtPdytWYnEzVUowTUdoRGY2SVhkZWlvMlpta2tHNUdFYTlSaEx0eVgyWldWRWMvS3ozSm5TMjRzVlFOMW0KYWZtSU1ZY013NVgrWFRaQ0hGUysrbi9GSXA5dTJ2MFYxckpJdFpVQjl3dzBXU1FGekM0TTducG1obXV6aFl4dgplWTJHTFl0M2pmNHY3T3lsTzZxTFY3OCsvaTg1a01hOXNnbnE5aXUzSUw1TXdDNXg0MVBnU0EydzVKN0JKSjBTCjJEMW9MNm1JRzV2MU5GSVlCWEoyZ2NibGxhLzlGSEwrZDQvQ2FwMjJKUFRONlFTK2VHeFpUeUZlYU84Z0JpYkUKRFhPYzVucHRjdGIvdDluK3VtM3lQcUorSk9GTHR5TjgxMmNrbW1FRG1TTnAzOGY1S1UzWEd3K09LZGh4K240UgplcTErZDNETlBKMWJnSHkyZ0ZydHd3VDF2SGQyNDVBMkI5SjhxUU9EZWRXc2NBTE8xTno4WVVEd09qRFhRNmJGCk4vQncvTFNuMWthT3BvSElwR1VraG51cjFLelBWS3BvK3p3Rm8zNVJyUEFUNTZrR3ZKRVBXcDVLSjMvVnVVOXMKczh0QlU2RndLTFVOZDliVCs0M3g0WkpvRmpIYURvdUNFRGpJNXBBYmhxMUxWL1d4amxSeEVickZFay8yQWdvZwphaUxtam1nK3FWTlJKTlArQ3BYYytqMENBd0VBQWFOV01GUXdEZ1lEVlIwUEFRSC9CQVFEQWdXZ01CTUdBMVVkCkpRUU1NQW9HQ0NzR0FRVUZCd01DTUF3R0ExVWRFd0VCL3dRQ01BQXdId1lEVlIwakJCZ3dGb0FVVUh2YkFrcWUKRXhrZnR3UGd4Q29TcnB5VjYvTXdEUVlKS29aSWh2Y05BUUVMQlFBRGdnSUJBRjB5cWRlVk1tc2w3b1pQM1hWdAppMVY3VVJ6TER1akg0cjBFYkxuUWZ1L2RRQ3F1TnJLVmp0QmpxL053Mit4Q1BDV1dQZFBEM2w0SHhvdGoyR1hFCnJRSUpRUDhwOGxNOTJkOWlhT09VMCt6TnRzNDdPZVBMaldRcU00cnYwMmUzZUFyWFNQNGFIMU5leG5sOGxNRFkKRGVsbGp0Vjh3UFNURmVmZXkvclhrL2tGUVpxcGdXVE9sZ1ZLVy9SN3V6MFZuUHdXV2hFeU83d0pRbFZyeVFTZQoveXBFSk9Iek5MRXNxZzllbGdYc0JGaDE3SGNQME40c3M2NHRBVVpaUFc1eGo0TS9MSjV2SG9BdzY0VEpZY2U4ClpHYVVKVVFGOEVjZFlmT1BmdkZ0WGphZkF3aWRrdDc2RDJZcFVvS2gvaVk5UkhmZ3BDcFEzQ2JTMEE0OXhoTFIKcTl1NGVFWVFHdXpwNm5vcFpGbHQ5V056VWJwNDk1aG1sZC8yRzlMN0k4eFkzNUd0MnJ1MmZyQmRxa2hkTytFbgpoSE16U1hwQ3ZvU1ZUOGhOWTNKbUtkV3MyUURaOTBWVytEL3Vyem9QcEw0SCszVkJMSU0yY0J0amhYby9Xak84Ci9QdGh1WHFrYXlrZDNEalVlaWlOVk5UeXFQR2xDWWlKanJ1clZabWtTN0xyZEdkeUx4dWd2ZzZDLzNWUHRVNysKWG82ZmtVSGlxbXdoQ09PYldUeWNxWWdOSTBMRzYrR3p6QmZEZC84VjVHNWNIQXNMdzlJTzRVenh1Sm5ydDlPTgo5TVdwYzl5Vy96WWNGekdNTEMwaEFjdWRnclMzeklBVjZnalZ2MnJRWGkrcFUwY09RSVFSVG9yU2lITXQ1SjJWCkR6bk5vb2FrZndXdXNMbStZeU92UGl3eQotLS0tLUVORCBDRVJUSUZJQ0FURS0tLS0tCg==\n    client-key-data: LS0tLS1CRUdJTiBSU0EgUFJJVkFURSBLRVktLS0tLQpNSUlKS1FJQkFBS0NBZ0VBcFNGMlFUZkh0NFJVbFBGdlFxOFJwdFJNc2VDVFRHdUUyeFRkV0JhQmgzSXUyUm5DCjFFb3JpNTBJUE1md0JaUC9GeEJFRTZzeThjb1YvVnYyaUFwbUlINWEycytCVU9TS3hxLzVzczMvcXBERDdnejUKNEJGeWJPOXdRQlFUMkh6RTNpUk9BNGtnMzMyYXluWUVJTEIvZDEya093K1ZicTNVSjBNR2hEZjZJWGRlaW8yWgpta2tHNUdFYTlSaEx0eVgyWldWRWMvS3ozSm5TMjRzVlFOMW1hZm1JTVljTXc1WCtYVFpDSEZTKytuL0ZJcDl1CjJ2MFYxckpJdFpVQjl3dzBXU1FGekM0TTducG1obXV6aFl4dmVZMkdMWXQzamY0djdPeWxPNnFMVjc4Ky9pODUKa01hOXNnbnE5aXUzSUw1TXdDNXg0MVBnU0EydzVKN0JKSjBTMkQxb0w2bUlHNXYxTkZJWUJYSjJnY2JsbGEvOQpGSEwrZDQvQ2FwMjJKUFRONlFTK2VHeFpUeUZlYU84Z0JpYkVEWE9jNW5wdGN0Yi90OW4rdW0zeVBxSitKT0ZMCnR5TjgxMmNrbW1FRG1TTnAzOGY1S1UzWEd3K09LZGh4K240UmVxMStkM0ROUEoxYmdIeTJnRnJ0d3dUMXZIZDIKNDVBMkI5SjhxUU9EZWRXc2NBTE8xTno4WVVEd09qRFhRNmJGTi9Cdy9MU24xa2FPcG9ISXBHVWtobnVyMUt6UApWS3BvK3p3Rm8zNVJyUEFUNTZrR3ZKRVBXcDVLSjMvVnVVOXNzOHRCVTZGd0tMVU5kOWJUKzQzeDRaSm9GakhhCkRvdUNFRGpJNXBBYmhxMUxWL1d4amxSeEVickZFay8yQWdvZ2FpTG1qbWcrcVZOUkpOUCtDcFhjK2owQ0F3RUEKQVFLQ0FnQUpLQXZZbmZFekdlRmV5T3gwZENTMGJYMDdOOHF6S0JzYjB0SmJPaFJBb0hJOGs1TWNGbWpIdXhOagoyMnBSeE4wV09FNnVFSVlvcGg0R0NIMXBHYnFEL3IybStHNmhQNnI2VFhPNUdIY2V6Qnd4TFFNR0M3R2VuTUJLCnJWSlVaTWE5MHFHSXpLZkgvTDBDa1B5MW0xUFdHSmtzdFRhQ0JwMkc5ODU2c21mcVJ5WTA1SmtwMXZiTTN4MlIKamFGVkxJTzNKNkJlRlkwbnBGZnUySTE3SlV1eWdLV3VxV0Jwei8xa3ljZHNycjVRUVpsNnpBQm5vRFQveks3LwpjcDNEUnlmMzhXbG80dnpRbEhUdTZ6WHZKOVJlbHh4amxpSXcrM0ZJMys1aG1wbFRha1ZoN3Rod1VMVGdGSEMwCjZjT2p5eW1TVm9EMkxBWjV1RmlndExUZEJPQ3dpaGJSWXVXN2xMbFRnNEdhVExGam05U1FIVVM5ZythVFpNTUcKSWcrYUFKazB6YUJyOXMwNUVIRFZZOEJnbjRkV3p4R1hqZkg5V2llZytnUmdkMzl6TXpMT3R6czdwRHVMTXhSagp6QlBwVnJsczZRYkdIamhaZnpLNTN1K2xWMXc2TkhDcUdudEF5SE43REtlS3l0QUQrVzdrSW00b05McXBaYk9mCllNQ0NxSWowN3ZzbDFMdTVSQ1F6d0cvaTN4YnRXazF2M0ZTVkxGMk4zMWc4OHVlQXhvcGloSmU4NmN5UnM3dnQKYk5PRVF3bWZCRmkvMTFNNEJMbm10Y2xYbVVJTWQvMDdqYmdyWHdCaG5aVVFSQkZvaHFjczdZbVE5RHI3OXdlcgpWQmxsZ0hJSkJpV0lqaHhUTGRncGFPOUNoNlBVaEpkWTNkY1FkTnIvR2hMUm1VTElRUUtDQVFFQXh3bVk4Qk5hCjNXWGc2a3FRVUFjb21Lc2g1YkE2RUVCeWZ5QkxkT09yY3J6aStHRXllZ1lha1d3ak5XaVZocXNSL29wN2pWQ3UKMkx4a3hZTU85KzFTTUFMOG5rWE5vQTdIcjNLR3RwSGZXU1FrcjZJMDB1ZXhKMGRnRncvZnJXMC9tZHhBYnd3UgpvNzArWDJ4K2pCK1ZjNGtKQUVRaEgwb2Y5UEgyS01idjA2MkE0eFdZcWxSb2ZZVU90aDMzdXdEVDBmYS9tUkhtClhSS1J5bTZ4enJkVUpWZjlHbFA3RUR3NGRoWDhmbXMxajVlTE1xYnFvalV3SmQzazNYek0rTXJFTEVpbXkxekkKb1pKeDZ0TndLc1hqVm1yS28wQnFiRzdWTVRJOEVMR0taNHA1VDVWVWczaGxEK0hPems4M2NPWHpENTJ5NWduSApuNDMyOVNqL0wxK0l0UUtDQVFFQTFHT3lwQnBFVGhDQnN6M25HRkFNbHk0eTJlRUVDMklST25MY0tOZENyK2w1CnFWOUdTSGVRbHBOU3lZTklubWpZRUphSHMyRUJzWXlDS2FtUSszTU5PcS8vWm9nSTFEZmJyMFZqUEpHL3piMm4Kd3RjNkFyakVpRkJMSGgrNXEzbitja0JsMTlCdm5EQkIwcmM4ck84N2FnNE5adm1uVTlZekUyNXh2SFBoYllYeQpGa2N5V0FZV1hDNjhJVWg5dWxRUndISjZhWGV1TUpWc3RjczBLYUJjNGlhdXBRKytYMUdSbEtaeXJQMWE0TFNTCnRUcDRkaXlpTzJ3b3Uyd2d0VElXWFE0ZmRIVVR4WEd1U2pYei9YaVlwYTNjb0FreFR4K2Rnd2tMY29xelRVRFcKTHJ4ZXdVVTZpSTUvM3lnRzFqV0YxdG9EbEQ3ZE13YXJWRmRrY0M5SWFRS0NBUUVBdnJOclhWcXVETUs0Sk1NYwpVaEVKekh6ckZXOHJzcmFNL1ZDcisyckhzajlZR0RMSWNqRzI4dTV4TFpMdThRQ25WUUxLTGpQSDB0RnVtKzllClFCMmFTWFlUSkhJcytkWXZiT0tHUUJhenNHejQyVzdJdmVwUHlocVE3b2UvQUNOVWRNNmF6Y3I2ZTYrdU95OXcKY0VFeXFHZjd2ODJIRHJ1dXNybkI2SC95K1JXY0QvZDVObmw1UkFwZ2RnMXdkalBzdjVkeksrNENrZHBnNVZ2NQo4TjJtT2NGOE4rV08vNWN6WWJEZkl5RUZTSGNpWDMyZUFaeUViVU9WTE1HT2dqR0VsQWxvQmlEMytoYWVIeWhHCnFEVENCT0o5RkwxN09qbFcrclB1Nk8reWRGSXd1UmVTeWdSb2tEY0NOcG1mdlFRVlJqa0tWMjIzWGlCZkpiWUsKQ2hHMm9RS0NBUUJXNVBkSWxvcU5tY2xHeVRQTVNhdnRDblM1bVlzckVSTlZZM3JacHNCYzhsdlpST2FmYlhPVgpkMjd1alN6ZnlxdGpsZ0t0RENwQ051ZG1IajczOFdsZk1uUit3WGREUkJzNFNWNUJnS3dGZyt1b0ZxQmdUckh4CngxQUVZaHgzb0xET2s3UlhLS3NSTHRrdldkS1VPa2lIcW5vblFFc0tUTitXdXFBRDV6RTZ1d3VCdTkxSUVDMkQKeDRjbTR0NjFwZ0doUi9UM1E0VGIwYmFwWmhyUVVSRFBZZDRnSUNIV0k2dzVNaVJHekYwckJCWGwyYWRCU2grUgp5ajJiK0xBbEVmbitWbkhlRnF4aElwS1pRQnV6LzJ3TWxPWm4vM3JTRVhCREZTYysxS3BwRi9iSkpqNXFPbVdwClN3dmNCQ2RQNnBQNGhEZmtwaGVmOGNHVS96QlRpYlRKQW9JQkFRQ0VEREpObUR2dUdPV0F0NU9PTmNUcFgyUnQKTlZuSVRhd2FQblNxV3B4NW4rdnpHM1U4L2JEenZSVjlMZXFWeWx0bHNqU1l4MmdDczBOMlhvU0w3RzBxOENYbgpSTXFPNGFObUJmSzZ0M1Z4NHROazZ1azQzZTdBZm54QXB1VS9OaVozQjkyVVdhRytPNUpFWFNBQ255SXdvZ1R4CjhqU3VIa2F0cnQrMmJ2YWdCbVMweENCb1pOSWIrdXpWMG54RjVQcE8vbm10YUpvdkpOQ1crUEpkNzJWcjFyWFUKTUZhVktoeVJZREEvYlJ0QzVtRzNqZHprRjh2VVFrTS84aEhoZnY2bWtnVlBXTkdwM01qb3QwTjlQWjhiY1lFbwp3Y3NzTGxibW1DV0R6RFpyNjZ2ZGdMNHBMczcvMmlTa3VlUEV5S1dESTY5R2IxV3c3Tyt5Y3IzRWNiemUKLS0tLS1FTkQgUlNBIFBSSVZBVEUgS0VZLS0tLS0K\n    token: fmzzxl2muu0lfck1lr4uqcuc08q5xmp8sjm57v0rj7vdp9m30a96i3itworenu3v9zkmt7jvr0ypurm5npo9bzp7w0f1creg0kvtacch9o97s2st4xclpxmf363aoa5f\n",
            "kubelet_identity": [
              {
                "client_id": "a6c6ba50-9e76-4ee7-aeee-cf26cb43f095",
                "object_id": "9129c1ed-fba6-4878-858d-cce53f1e585a",
                "user_assigned_identity_id": "/subscriptions/cfbf374e-840a-4c91-adbc-30df062a7e1c/resourceGroups/MC_sre-resourcegp_sre-aks_westeurope/providers/Microsoft.ManagedIdentity/userAssignedIdentities/sre-aks-agentpool"
              }
            ],
            "kubernetes_version": "1.30",
            "linux_profile": [],
            "local_account_disabled": false,
            "location": "westeurope",
            "maintenance_window": [],
            "maintenance_window_auto_upgrade": [],
            "maintenance_window_node_os": [],
            "microsoft_defender": [],
            "monitor_metrics": [],
            "name": "sre-aks",
            "network_profile": [
              {
                "dns_service_ip": "10.0.0.10",
                "docker_bridge_cidr": "",
                "ebpf_data_plane": "",
                "ip_versions": [
                  "IPv4"
                ],
                "load_balancer_profile": [
                  {
                    "effective_outbound_ips": [
                      "/subscriptions/cfbf374e-840a-4c91-adbc-30df062a7e1c/resourceGroups/MC_sre-resourcegp_sre-aks_westeurope/providers/Microsoft.Network/publicIPAddresses/798c1705-05ea-4960-aa00-14a5f6f86d12"
                    ],
                    "idle_timeout_in_minutes": 0,
                    "managed_outbound_ip_count": 1,
                    "managed_outbound_ipv6_count": 0,
                    "outbound_ip_address_ids": [],
                    "outbound_ip_prefix_ids": [],
                    "outbound_ports_allocated": 0
                  }
                ],
                "load_balancer_sku": "standard",
                "nat_gateway_profile": [],
                "network_mode": "",
                "network_plugin": "azure",
                "network_plugin_mode": "overlay",
                "network_policy": "",
                "outbound_ip_address_ids": [],
                "outbound_ip_prefix_ids": [],
                "outbound_type": "loadBalancer",
                "pod_cidr": "10.244.0.0/16",
                "pod_cidrs": [
                  "10.244.0.0/16"
                ],
                "service_cidr": "10.0.0.0/16",
                "service_cidrs": [
                  "10.0.0.0/16"
                ]
              }
            ],
            "node_os_channel_upgrade": null,
            "node_resource_group": "MC_sre-resourcegp_sre-aks_westeurope",
            "node_resource_group_id": "/subscriptions/cfbf374e-840a-4c91-adbc-30df062a7e1c/resourceGroups/MC_sre-resourcegp_sre-aks_westeurope",
            "oidc_issuer_enabled": false,
            "oidc_issuer_url": "",
            "oms_agent": [],
            "open_service_mesh_enabled": null,
            "portal_fqdn": "0092d4deee03abd988e7f92602bf0091-priv.portal.hcp.westeurope.azmk8s.io",
            "private_cluster_enabled": true,
            "private_cluster_public_fqdn_enabled": false,
            "private_dns_zone_id": "/subscriptions/cfbf374e-840a-4c91-adbc-30df062a7e1c/resourceGroups/sre-resourcegp/providers/Microsoft.Network/privateDnsZones/privatelink.westeurope.azmk8s.io",
            "private_fqdn": "aksexamplednsprefix1-p340stdn.privatelink.westeurope.azmk8s.io",
            "public_network_access_enabled": true,
            "resource_group_name": "sre-resourcegp",
            "role_based_access_control_enabled": true,
            "run_command_enabled": true,
            "service_mesh_profile": [],
            "service_principal": [],
            "sku_tier": "Free",
            "storage_profile": [],
            "support_plan": "KubernetesOfficial",
            "tags": null,
            "timeouts": null,
            "web_app_routing": [],
            "windows_profile": [],
            "workload_autoscaler_profile": [],
            "workload_identity_enabled": false
          },
          "sensitive_attributes": [
            [
              {
                "type": "get_attr",
                "value": "kube_config"
              }
            ],
            [
              {
                "type": "get_attr",
                "value": "kube_admin_config"
              }
            ],
            [
              {
                "type": "get_attr",
                "value": "kube_admin_config_raw"
              }
            ],
            [
              {
                "type": "get_attr",
                "value": "kube_config_raw"
              }
            ]
          ],
          "private": "eyJlMmJmYjczMC1lY2FhLTExZTYtOGY4OC0zNDM2M2JjN2M0YzAiOnsiY3JlYXRlIjo1NDAwMDAwMDAwMDAwLCJkZWxldGUiOjU0MDAwMDAwMDAwMDAsInJlYWQiOjMwMDAwMDAwMDAwMCwidXBkYXRlIjo1NDAwMDAwMDAwMDAwfSwic2NoZW1hX3ZlcnNpb24iOiIyIn0=",
          "dependencies": [
            "azurerm_private_dns_zone.example",
            "azurerm_resource_group.example",
            "azurerm_role_assignment.example",
            "azurerm_user_assigned_identity.example"
          ]
        }
      ]
    },
    {
      "mode": "managed",
      "type": "azurerm_linux_virtual_machine",
      "name": "jumpbox",
      "provider": "provider[\"registry.terraform.io/hashicorp/azurerm\"]",
      "instances": [
        {
          "schema_version": 0,
          "attributes": {
            "additional_capabilities": [],
            "admin_password": "YourSecurePassword123!",
            "admin_ssh_key": [],
            "admin_username": "azureuser",
            "allow_extension_operations": true,
            "availability_set_id": "",
            "boot_diagnostics": [],
            "bypass_platform_safety_checks_on_user_schedule_enabled": false,
            "capacity_reservation_group_id": "",
            "computer_name": "sre-jumpbox",
            "custom_data": null,
            "dedicated_host_group_id": "",
            "dedicated_host_id": "",
            "disable_password_authentication": false,
            "disk_controller_type": "",
            "edge_zone": "",
            "encryption_at_host_enabled": false,
            "eviction_policy": "",
            "extensions_time_budget": "PT1H30M",
            "gallery_application": [],
            "id": "/subscriptions/cfbf374e-840a-4c91-adbc-30df062a7e1c/resourceGroups/sre-resourcegp/providers/Microsoft.Compute/virtualMachines/sre-jumpbox",
            "identity": [],
            "license_type": "",
            "location": "westeurope",
            "max_bid_price": -1,
            "name": "sre-jumpbox",
            "network_interface_ids": [
              "/subscriptions/cfbf374e-840a-4c91-adbc-30df062a7e1c/resourceGroups/sre-resourcegp/providers/Microsoft.Network/networkInterfaces/jumpbox-nic"
            ],
            "os_disk": [
              {
                "caching": "ReadWrite",
                "diff_disk_settings": [],
                "disk_encryption_set_id": "",
                "disk_size_gb": 30,
                "name": "sre-jumpbox_disk1_ce6c88df1a864ea693ba678373924b81",
                "secure_vm_disk_encryption_set_id": "",
                "security_encryption_type": "",
                "storage_account_type": "Standard_LRS",
                "write_accelerator_enabled": false
              }
            ],
            "os_image_notification": [],
            "patch_assessment_mode": "ImageDefault",
            "patch_mode": "ImageDefault",
            "plan": [],
            "platform_fault_domain": -1,
            "priority": "Regular",
            "private_ip_address": "10.254.2.4",
            "private_ip_addresses": [
              "10.254.2.4"
            ],
            "provision_vm_agent": true,
            "proximity_placement_group_id": "",
            "public_ip_address": "20.8.117.112",
            "public_ip_addresses": [
              "20.8.117.112"
            ],
            "reboot_setting": "",
            "resource_group_name": "sre-resourcegp",
            "secret": [],
            "secure_boot_enabled": false,
            "size": "Standard_B2s",
            "source_image_id": "",
            "source_image_reference": [
              {
                "offer": "UbuntuServer",
                "publisher": "Canonical",
                "sku": "18.04-LTS",
                "version": "latest"
              }
            ],
            "tags": null,
            "termination_notification": null,
            "timeouts": null,
            "user_data": "",
            "virtual_machine_id": "a603b416-ebc5-4d0a-99ef-6c3ce9521462",
            "virtual_machine_scale_set_id": "",
            "vm_agent_platform_updates_enabled": false,
            "vtpm_enabled": false,
            "zone": ""
          },
          "sensitive_attributes": [
            [
              {
                "type": "get_attr",
                "value": "custom_data"
              }
            ],
            [
              {
                "type": "get_attr",
                "value": "admin_password"
              }
            ]
          ],
          "private": "eyJlMmJmYjczMC1lY2FhLTExZTYtOGY4OC0zNDM2M2JjN2M0YzAiOnsiY3JlYXRlIjoyNzAwMDAwMDAwMDAwLCJkZWxldGUiOjI3MDAwMDAwMDAwMDAsInJlYWQiOjMwMDAwMDAwMDAwMCwidXBkYXRlIjoyNzAwMDAwMDAwMDAwfX0=",
          "dependencies": [
            "azurerm_network_interface.jumpbox",
            "azurerm_public_ip.jumpbox",
            "azurerm_resource_group.example",
            "azurerm_subnet.jumpbox",
            "azurerm_virtual_network.example"
          ]
        }
      ]
    },
    {
      "mode": "managed",
      "type": "azurerm_network_interface",
      "name": "jumpbox",
      "provider": "provider[\"registry.terraform.io/hashicorp/azurerm\"]",
      "instances": [
        {
          "schema_version": 0,
          "attributes": {
            "applied_dns_servers": [],
            "auxiliary_mode": "",
            "auxiliary_sku": "",
            "dns_servers": [],
            "edge_zone": "",
            "enable_accelerated_networking": false,
            "enable_ip_forwarding": false,
            "id": "/subscriptions/cfbf374e-840a-4c91-adbc-30df062a7e1c/resourceGroups/sre-resourcegp/providers/Microsoft.Network/networkInterfaces/jumpbox-nic",
            "internal_dns_name_label": "",
            "internal_domain_name_suffix": "satgcecinadutltlum314wye3h.ax.internal.cloudapp.net",
            "ip_configuration": [
              {
                "gateway_load_balancer_frontend_ip_configuration_id": "",
                "name": "internal",
                "primary": true,
                "private_ip_address": "10.254.2.4",
                "private_ip_address_allocation": "Dynamic",
                "private_ip_address_version": "IPv4",
                "public_ip_address_id": "/subscriptions/cfbf374e-840a-4c91-adbc-30df062a7e1c/resourceGroups/sre-resourcegp/providers/Microsoft.Network/publicIPAddresses/jumpbox-public-ip",
                "subnet_id": "/subscriptions/cfbf374e-840a-4c91-adbc-30df062a7e1c/resourceGroups/sre-resourcegp/providers/Microsoft.Network/virtualNetworks/sre-network/subnets/jumpbox-subnet"
              }
            ],
            "location": "westeurope",
            "mac_address": "",
            "name": "jumpbox-nic",
            "private_ip_address": "10.254.2.4",
            "private_ip_addresses": [
              "10.254.2.4"
            ],
            "resource_group_name": "sre-resourcegp",
            "tags": null,
            "timeouts": null,
            "virtual_machine_id": ""
          },
          "sensitive_attributes": [],
          "private": "eyJlMmJmYjczMC1lY2FhLTExZTYtOGY4OC0zNDM2M2JjN2M0YzAiOnsiY3JlYXRlIjoxODAwMDAwMDAwMDAwLCJkZWxldGUiOjE4MDAwMDAwMDAwMDAsInJlYWQiOjMwMDAwMDAwMDAwMCwidXBkYXRlIjoxODAwMDAwMDAwMDAwfX0=",
          "dependencies": [
            "azurerm_public_ip.jumpbox",
            "azurerm_resource_group.example",
            "azurerm_subnet.jumpbox",
            "azurerm_virtual_network.example"
          ]
        }
      ]
    },
    {
      "mode": "managed",
      "type": "azurerm_network_interface_security_group_association",
      "name": "jumpbox",
      "provider": "provider[\"registry.terraform.io/hashicorp/azurerm\"]",
      "instances": [
        {
          "schema_version": 0,
          "attributes": {
            "id": "/subscriptions/cfbf374e-840a-4c91-adbc-30df062a7e1c/resourceGroups/sre-resourcegp/providers/Microsoft.Network/networkInterfaces/jumpbox-nic|/subscriptions/cfbf374e-840a-4c91-adbc-30df062a7e1c/resourceGroups/sre-resourcegp/providers/Microsoft.Network/networkSecurityGroups/jumpbox-nsg",
            "network_interface_id": "/subscriptions/cfbf374e-840a-4c91-adbc-30df062a7e1c/resourceGroups/sre-resourcegp/providers/Microsoft.Network/networkInterfaces/jumpbox-nic",
            "network_security_group_id": "/subscriptions/cfbf374e-840a-4c91-adbc-30df062a7e1c/resourceGroups/sre-resourcegp/providers/Microsoft.Network/networkSecurityGroups/jumpbox-nsg",
            "timeouts": null
          },
          "sensitive_attributes": [],
          "private": "eyJlMmJmYjczMC1lY2FhLTExZTYtOGY4OC0zNDM2M2JjN2M0YzAiOnsiY3JlYXRlIjoxODAwMDAwMDAwMDAwLCJkZWxldGUiOjE4MDAwMDAwMDAwMDAsInJlYWQiOjMwMDAwMDAwMDAwMH19",
          "dependencies": [
            "azurerm_network_interface.jumpbox",
            "azurerm_network_security_group.jumpbox",
            "azurerm_public_ip.jumpbox",
            "azurerm_resource_group.example",
            "azurerm_subnet.jumpbox",
            "azurerm_virtual_network.example"
          ]
        }
      ]
    },
    {
      "mode": "managed",
      "type": "azurerm_network_security_group",
      "name": "jumpbox",
      "provider": "provider[\"registry.terraform.io/hashicorp/azurerm\"]",
      "instances": [
        {
          "schema_version": 0,
          "attributes": {
            "id": "/subscriptions/cfbf374e-840a-4c91-adbc-30df062a7e1c/resourceGroups/sre-resourcegp/providers/Microsoft.Network/networkSecurityGroups/jumpbox-nsg",
            "location": "westeurope",
            "name": "jumpbox-nsg",
            "resource_group_name": "sre-resourcegp",
            "security_rule": [
              {
                "access": "Allow",
                "description": "",
                "destination_address_prefix": "*",
                "destination_address_prefixes": [],
                "destination_application_security_group_ids": [],
                "destination_port_range": "22",
                "destination_port_ranges": [],
                "direction": "Inbound",
                "name": "Allow-SSH",
                "priority": 1000,
                "protocol": "Tcp",
                "source_address_prefix": "0.0.0.0/0",
                "source_address_prefixes": [],
                "source_application_security_group_ids": [],
                "source_port_range": "*",
                "source_port_ranges": []
              }
            ],
            "tags": null,
            "timeouts": null
          },
          "sensitive_attributes": [],
          "private": "eyJlMmJmYjczMC1lY2FhLTExZTYtOGY4OC0zNDM2M2JjN2M0YzAiOnsiY3JlYXRlIjoxODAwMDAwMDAwMDAwLCJkZWxldGUiOjE4MDAwMDAwMDAwMDAsInJlYWQiOjMwMDAwMDAwMDAwMCwidXBkYXRlIjoxODAwMDAwMDAwMDAwfX0=",
          "dependencies": [
            "azurerm_resource_group.example"
          ]
        }
      ]
    },
    {
      "mode": "managed",
      "type": "azurerm_private_dns_zone",
      "name": "example",
      "provider": "provider[\"registry.terraform.io/hashicorp/azurerm\"]",
      "instances": [
        {
          "schema_version": 0,
          "attributes": {
            "id": "/subscriptions/cfbf374e-840a-4c91-adbc-30df062a7e1c/resourceGroups/sre-resourcegp/providers/Microsoft.Network/privateDnsZones/privatelink.westeurope.azmk8s.io",
            "max_number_of_record_sets": 25000,
            "max_number_of_virtual_network_links": 1000,
            "max_number_of_virtual_network_links_with_registration": 100,
            "name": "privatelink.westeurope.azmk8s.io",
            "number_of_record_sets": 1,
            "resource_group_name": "sre-resourcegp",
            "soa_record": [
              {
                "email": "azureprivatedns-host.microsoft.com",
                "expire_time": 2419200,
                "fqdn": "privatelink.westeurope.azmk8s.io.",
                "host_name": "azureprivatedns.net",
                "minimum_ttl": 10,
                "refresh_time": 3600,
                "retry_time": 300,
                "serial_number": 1,
                "tags": {},
                "ttl": 3600
              }
            ],
            "tags": null,
            "timeouts": null
          },
          "sensitive_attributes": [],
          "private": "eyJlMmJmYjczMC1lY2FhLTExZTYtOGY4OC0zNDM2M2JjN2M0YzAiOnsiY3JlYXRlIjoxODAwMDAwMDAwMDAwLCJkZWxldGUiOjE4MDAwMDAwMDAwMDAsInJlYWQiOjMwMDAwMDAwMDAwMCwidXBkYXRlIjoxODAwMDAwMDAwMDAwfX0=",
          "dependencies": [
            "azurerm_resource_group.example"
          ]
        }
      ]
    },
    {
      "mode": "managed",
      "type": "azurerm_public_ip",
      "name": "jumpbox",
      "provider": "provider[\"registry.terraform.io/hashicorp/azurerm\"]",
      "instances": [
        {
          "schema_version": 0,
          "attributes": {
            "allocation_method": "Static",
            "ddos_protection_mode": "VirtualNetworkInherited",
            "ddos_protection_plan_id": null,
            "domain_name_label": null,
            "edge_zone": "",
            "fqdn": null,
            "id": "/subscriptions/cfbf374e-840a-4c91-adbc-30df062a7e1c/resourceGroups/sre-resourcegp/providers/Microsoft.Network/publicIPAddresses/jumpbox-public-ip",
            "idle_timeout_in_minutes": 4,
            "ip_address": "20.8.117.112",
            "ip_tags": null,
            "ip_version": "IPv4",
            "location": "westeurope",
            "name": "jumpbox-public-ip",
            "public_ip_prefix_id": null,
            "resource_group_name": "sre-resourcegp",
            "reverse_fqdn": null,
            "sku": "Standard",
            "sku_tier": "Regional",
            "tags": null,
            "timeouts": null,
            "zones": null
          },
          "sensitive_attributes": [],
          "private": "eyJlMmJmYjczMC1lY2FhLTExZTYtOGY4OC0zNDM2M2JjN2M0YzAiOnsiY3JlYXRlIjoxODAwMDAwMDAwMDAwLCJkZWxldGUiOjE4MDAwMDAwMDAwMDAsInJlYWQiOjMwMDAwMDAwMDAwMCwidXBkYXRlIjoxODAwMDAwMDAwMDAwfX0=",
          "dependencies": [
            "azurerm_resource_group.example"
          ]
        }
      ]
    },
    {
      "mode": "managed",
      "type": "azurerm_resource_group",
      "name": "example",
      "provider": "provider[\"registry.terraform.io/hashicorp/azurerm\"]",
      "instances": [
        {
          "schema_version": 0,
          "attributes": {
            "id": "/subscriptions/cfbf374e-840a-4c91-adbc-30df062a7e1c/resourceGroups/sre-resourcegp",
            "location": "westeurope",
            "managed_by": "",
            "name": "sre-resourcegp",
            "tags": null,
            "timeouts": null
          },
          "sensitive_attributes": [],
          "private": "eyJlMmJmYjczMC1lY2FhLTExZTYtOGY4OC0zNDM2M2JjN2M0YzAiOnsiY3JlYXRlIjo1NDAwMDAwMDAwMDAwLCJkZWxldGUiOjU0MDAwMDAwMDAwMDAsInJlYWQiOjMwMDAwMDAwMDAwMCwidXBkYXRlIjo1NDAwMDAwMDAwMDAwfX0="
        }
      ]
    },
    {
      "mode": "managed",
      "type": "azurerm_role_assignment",
      "name": "example",
      "provider": "provider[\"registry.terraform.io/hashicorp/azurerm\"]",
      "instances": [
        {
          "schema_version": 0,
          "attributes": {
            "condition": "",
            "condition_version": "",
            "delegated_managed_identity_resource_id": "",
            "description": "",
            "id": "/subscriptions/cfbf374e-840a-4c91-adbc-30df062a7e1c/resourceGroups/sre-resourcegp/providers/Microsoft.Network/privateDnsZones/privatelink.westeurope.azmk8s.io/providers/Microsoft.Authorization/roleAssignments/d5cf90d3-3a6d-3241-aa7d-d2051c150720",
            "name": "d5cf90d3-3a6d-3241-aa7d-d2051c150720",
            "principal_id": "af303f4d-5bf2-4094-97fc-ab37a1f7be6c",
            "principal_type": "ServicePrincipal",
            "role_definition_id": "/subscriptions/cfbf374e-840a-4c91-adbc-30df062a7e1c/providers/Microsoft.Authorization/roleDefinitions/b12aa53e-6015-4669-85d0-8515ebb3ae7f",
            "role_definition_name": "Private DNS Zone Contributor",
            "scope": "/subscriptions/cfbf374e-840a-4c91-adbc-30df062a7e1c/resourceGroups/sre-resourcegp/providers/Microsoft.Network/privateDnsZones/privatelink.westeurope.azmk8s.io",
            "skip_service_principal_aad_check": null,
            "timeouts": null
          },
          "sensitive_attributes": [],
          "private": "eyJlMmJmYjczMC1lY2FhLTExZTYtOGY4OC0zNDM2M2JjN2M0YzAiOnsiY3JlYXRlIjoxODAwMDAwMDAwMDAwLCJkZWxldGUiOjE4MDAwMDAwMDAwMDAsInJlYWQiOjMwMDAwMDAwMDAwMH19",
          "dependencies": [
            "azurerm_private_dns_zone.example",
            "azurerm_resource_group.example",
            "azurerm_user_assigned_identity.example"
          ]
        }
      ]
    },
    {
      "mode": "managed",
      "type": "azurerm_subnet",
      "name": "aks",
      "provider": "provider[\"registry.terraform.io/hashicorp/azurerm\"]",
      "instances": [
        {
          "schema_version": 0,
          "attributes": {
            "address_prefixes": [
              "10.254.0.0/24"
            ],
            "delegation": [],
            "enforce_private_link_endpoint_network_policies": false,
            "enforce_private_link_service_network_policies": false,
            "id": "/subscriptions/cfbf374e-840a-4c91-adbc-30df062a7e1c/resourceGroups/sre-resourcegp/providers/Microsoft.Network/virtualNetworks/sre-network/subnets/aks-subnet",
            "name": "aks-subnet",
            "private_endpoint_network_policies_enabled": true,
            "private_link_service_network_policies_enabled": true,
            "resource_group_name": "sre-resourcegp",
            "service_endpoint_policy_ids": null,
            "service_endpoints": null,
            "timeouts": null,
            "virtual_network_name": "sre-network"
          },
          "sensitive_attributes": [],
          "private": "eyJlMmJmYjczMC1lY2FhLTExZTYtOGY4OC0zNDM2M2JjN2M0YzAiOnsiY3JlYXRlIjoxODAwMDAwMDAwMDAwLCJkZWxldGUiOjE4MDAwMDAwMDAwMDAsInJlYWQiOjMwMDAwMDAwMDAwMCwidXBkYXRlIjoxODAwMDAwMDAwMDAwfX0=",
          "dependencies": [
            "azurerm_resource_group.example",
            "azurerm_virtual_network.example"
          ]
        }
      ]
    },
    {
      "mode": "managed",
      "type": "azurerm_subnet",
      "name": "appgw",
      "provider": "provider[\"registry.terraform.io/hashicorp/azurerm\"]",
      "instances": [
        {
          "schema_version": 0,
          "attributes": {
            "address_prefixes": [
              "10.254.1.0/24"
            ],
            "delegation": [],
            "enforce_private_link_endpoint_network_policies": false,
            "enforce_private_link_service_network_policies": false,
            "id": "/subscriptions/cfbf374e-840a-4c91-adbc-30df062a7e1c/resourceGroups/sre-resourcegp/providers/Microsoft.Network/virtualNetworks/sre-network/subnets/appgw-subnet",
            "name": "appgw-subnet",
            "private_endpoint_network_policies_enabled": true,
            "private_link_service_network_policies_enabled": true,
            "resource_group_name": "sre-resourcegp",
            "service_endpoint_policy_ids": null,
            "service_endpoints": null,
            "timeouts": null,
            "virtual_network_name": "sre-network"
          },
          "sensitive_attributes": [],
          "private": "eyJlMmJmYjczMC1lY2FhLTExZTYtOGY4OC0zNDM2M2JjN2M0YzAiOnsiY3JlYXRlIjoxODAwMDAwMDAwMDAwLCJkZWxldGUiOjE4MDAwMDAwMDAwMDAsInJlYWQiOjMwMDAwMDAwMDAwMCwidXBkYXRlIjoxODAwMDAwMDAwMDAwfX0=",
          "dependencies": [
            "azurerm_resource_group.example",
            "azurerm_virtual_network.example"
          ]
        }
      ]
    },
    {
      "mode": "managed",
      "type": "azurerm_subnet",
      "name": "jumpbox",
      "provider": "provider[\"registry.terraform.io/hashicorp/azurerm\"]",
      "instances": [
        {
          "schema_version": 0,
          "attributes": {
            "address_prefixes": [
              "10.254.2.0/24"
            ],
            "delegation": [],
            "enforce_private_link_endpoint_network_policies": false,
            "enforce_private_link_service_network_policies": false,
            "id": "/subscriptions/cfbf374e-840a-4c91-adbc-30df062a7e1c/resourceGroups/sre-resourcegp/providers/Microsoft.Network/virtualNetworks/sre-network/subnets/jumpbox-subnet",
            "name": "jumpbox-subnet",
            "private_endpoint_network_policies_enabled": true,
            "private_link_service_network_policies_enabled": true,
            "resource_group_name": "sre-resourcegp",
            "service_endpoint_policy_ids": null,
            "service_endpoints": null,
            "timeouts": null,
            "virtual_network_name": "sre-network"
          },
          "sensitive_attributes": [],
          "private": "eyJlMmJmYjczMC1lY2FhLTExZTYtOGY4OC0zNDM2M2JjN2M0YzAiOnsiY3JlYXRlIjoxODAwMDAwMDAwMDAwLCJkZWxldGUiOjE4MDAwMDAwMDAwMDAsInJlYWQiOjMwMDAwMDAwMDAwMCwidXBkYXRlIjoxODAwMDAwMDAwMDAwfX0=",
          "dependencies": [
            "azurerm_resource_group.example",
            "azurerm_virtual_network.example"
          ]
        }
      ]
    },
    {
      "mode": "managed",
      "type": "azurerm_user_assigned_identity",
      "name": "example",
      "provider": "provider[\"registry.terraform.io/hashicorp/azurerm\"]",
      "instances": [
        {
          "schema_version": 1,
          "attributes": {
            "client_id": "557de9bf-a31d-4784-a8fa-8fc6848b8b04",
            "id": "/subscriptions/cfbf374e-840a-4c91-adbc-30df062a7e1c/resourceGroups/sre-resourcegp/providers/Microsoft.ManagedIdentity/userAssignedIdentities/aks-example-identity",
            "location": "westeurope",
            "name": "aks-example-identity",
            "principal_id": "af303f4d-5bf2-4094-97fc-ab37a1f7be6c",
            "resource_group_name": "sre-resourcegp",
            "tags": null,
            "tenant_id": "d032994e-e52c-4d44-bc79-9fd88e88ad02",
            "timeouts": null
          },
          "sensitive_attributes": [],
          "private": "eyJlMmJmYjczMC1lY2FhLTExZTYtOGY4OC0zNDM2M2JjN2M0YzAiOnsiY3JlYXRlIjoxODAwMDAwMDAwMDAwLCJkZWxldGUiOjE4MDAwMDAwMDAwMDAsInJlYWQiOjMwMDAwMDAwMDAwMCwidXBkYXRlIjoxODAwMDAwMDAwMDAwfSwic2NoZW1hX3ZlcnNpb24iOiIxIn0=",
          "dependencies": [
            "azurerm_resource_group.example"
          ]
        }
      ]
    },
    {
      "mode": "managed",
      "type": "azurerm_virtual_network",
      "name": "example",
      "provider": "provider[\"registry.terraform.io/hashicorp/azurerm\"]",
      "instances": [
        {
          "schema_version": 0,
          "attributes": {
            "address_space": [
              "10.254.0.0/16"
            ],
            "bgp_community": "",
            "ddos_protection_plan": [],
            "dns_servers": [],
            "edge_zone": "",
            "encryption": [],
            "flow_timeout_in_minutes": 0,
            "guid": "10612690-6848-4907-ae6b-a33bbf5b04ef",
            "id": "/subscriptions/cfbf374e-840a-4c91-adbc-30df062a7e1c/resourceGroups/sre-resourcegp/providers/Microsoft.Network/virtualNetworks/sre-network",
            "location": "westeurope",
            "name": "sre-network",
            "resource_group_name": "sre-resourcegp",
            "subnet": [],
            "tags": null,
            "timeouts": null
          },
          "sensitive_attributes": [],
          "private": "eyJlMmJmYjczMC1lY2FhLTExZTYtOGY4OC0zNDM2M2JjN2M0YzAiOnsiY3JlYXRlIjoxODAwMDAwMDAwMDAwLCJkZWxldGUiOjE4MDAwMDAwMDAwMDAsInJlYWQiOjMwMDAwMDAwMDAwMCwidXBkYXRlIjoxODAwMDAwMDAwMDAwfX0=",
          "dependencies": [
            "azurerm_resource_group.example"
          ]
        }
      ]
    }
  ],
  "check_results": null
}
