{
  "version": 4,
  "terraform_version": "1.11.1",
  "serial": 20,
  "lineage": "87ab08fc-b28b-f2d1-3e16-86b22c88aa32",
  "outputs": {},
  "resources": [
    {
      "mode": "managed",
      "type": "azurerm_application_gateway",
      "name": "network",
      "provider": "provider[\"registry.terraform.io/hashicorp/azurerm\"]",
      "instances": [
        {
          "schema_version": 0,
          "attributes": {
            "authentication_certificate": [],
            "autoscale_configuration": [],
            "backend_address_pool": [
              {
                "fqdns": [],
                "id": "/subscriptions/cfbf374e-840a-4c91-adbc-30df062a7e1c/resourceGroups/sre-resourcegp/providers/Microsoft.Network/applicationGateways/sre-appgateway/backendAddressPools/sre-network-beap",
                "ip_addresses": [],
                "name": "sre-network-beap"
              }
            ],
            "backend_http_settings": [
              {
                "affinity_cookie_name": "",
                "authentication_certificate": [],
                "connection_draining": [],
                "cookie_based_affinity": "Disabled",
                "host_name": "",
                "id": "/subscriptions/cfbf374e-840a-4c91-adbc-30df062a7e1c/resourceGroups/sre-resourcegp/providers/Microsoft.Network/applicationGateways/sre-appgateway/backendHttpSettingsCollection/sre-network-be-htst",
                "name": "sre-network-be-htst",
                "path": "",
                "pick_host_name_from_backend_address": false,
                "port": 80,
                "probe_id": "",
                "probe_name": "",
                "protocol": "Http",
                "request_timeout": 60,
                "trusted_root_certificate_names": []
              }
            ],
            "custom_error_configuration": [],
            "enable_http2": false,
            "fips_enabled": false,
            "firewall_policy_id": "",
            "force_firewall_policy_association": false,
            "frontend_ip_configuration": [
              {
                "id": "/subscriptions/cfbf374e-840a-4c91-adbc-30df062a7e1c/resourceGroups/sre-resourcegp/providers/Microsoft.Network/applicationGateways/sre-appgateway/frontendIPConfigurations/sre-network-feip",
                "name": "sre-network-feip",
                "private_ip_address": "",
                "private_ip_address_allocation": "Dynamic",
                "private_link_configuration_id": "",
                "private_link_configuration_name": "",
                "public_ip_address_id": "/subscriptions/cfbf374e-840a-4c91-adbc-30df062a7e1c/resourceGroups/sre-resourcegp/providers/Microsoft.Network/publicIPAddresses/example-pip",
                "subnet_id": ""
              }
            ],
            "frontend_port": [
              {
                "id": "/subscriptions/cfbf374e-840a-4c91-adbc-30df062a7e1c/resourceGroups/sre-resourcegp/providers/Microsoft.Network/applicationGateways/sre-appgateway/frontendPorts/sre-network-feport",
                "name": "sre-network-feport",
                "port": 80
              }
            ],
            "gateway_ip_configuration": [
              {
                "id": "/subscriptions/cfbf374e-840a-4c91-adbc-30df062a7e1c/resourceGroups/sre-resourcegp/providers/Microsoft.Network/applicationGateways/sre-appgateway/gatewayIPConfigurations/my-gateway-ip-configuration",
                "name": "my-gateway-ip-configuration",
                "subnet_id": "/subscriptions/cfbf374e-840a-4c91-adbc-30df062a7e1c/resourceGroups/sre-resourcegp/providers/Microsoft.Network/virtualNetworks/sre-network/subnets/appgw-subnet"
              }
            ],
            "global": [],
            "http_listener": [
              {
                "custom_error_configuration": [],
                "firewall_policy_id": "",
                "frontend_ip_configuration_id": "/subscriptions/cfbf374e-840a-4c91-adbc-30df062a7e1c/resourceGroups/sre-resourcegp/providers/Microsoft.Network/applicationGateways/sre-appgateway/frontendIPConfigurations/sre-network-feip",
                "frontend_ip_configuration_name": "sre-network-feip",
                "frontend_port_id": "/subscriptions/cfbf374e-840a-4c91-adbc-30df062a7e1c/resourceGroups/sre-resourcegp/providers/Microsoft.Network/applicationGateways/sre-appgateway/frontendPorts/sre-network-feport",
                "frontend_port_name": "sre-network-feport",
                "host_name": "",
                "host_names": [],
                "id": "/subscriptions/cfbf374e-840a-4c91-adbc-30df062a7e1c/resourceGroups/sre-resourcegp/providers/Microsoft.Network/applicationGateways/sre-appgateway/httpListeners/sre-network-httplstn",
                "name": "sre-network-httplstn",
                "protocol": "Http",
                "require_sni": false,
                "ssl_certificate_id": "",
                "ssl_certificate_name": "",
                "ssl_profile_id": "",
                "ssl_profile_name": ""
              }
            ],
            "id": "/subscriptions/cfbf374e-840a-4c91-adbc-30df062a7e1c/resourceGroups/sre-resourcegp/providers/Microsoft.Network/applicationGateways/sre-appgateway",
            "identity": [],
            "location": "westeurope",
            "name": "sre-appgateway",
            "private_endpoint_connection": [],
            "private_link_configuration": [],
            "probe": [],
            "redirect_configuration": [],
            "request_routing_rule": [
              {
                "backend_address_pool_id": "/subscriptions/cfbf374e-840a-4c91-adbc-30df062a7e1c/resourceGroups/sre-resourcegp/providers/Microsoft.Network/applicationGateways/sre-appgateway/backendAddressPools/sre-network-beap",
                "backend_address_pool_name": "sre-network-beap",
                "backend_http_settings_id": "/subscriptions/cfbf374e-840a-4c91-adbc-30df062a7e1c/resourceGroups/sre-resourcegp/providers/Microsoft.Network/applicationGateways/sre-appgateway/backendHttpSettingsCollection/sre-network-be-htst",
                "backend_http_settings_name": "sre-network-be-htst",
                "http_listener_id": "/subscriptions/cfbf374e-840a-4c91-adbc-30df062a7e1c/resourceGroups/sre-resourcegp/providers/Microsoft.Network/applicationGateways/sre-appgateway/httpListeners/sre-network-httplstn",
                "http_listener_name": "sre-network-httplstn",
                "id": "/subscriptions/cfbf374e-840a-4c91-adbc-30df062a7e1c/resourceGroups/sre-resourcegp/providers/Microsoft.Network/applicationGateways/sre-appgateway/requestRoutingRules/sre-network-rqrt",
                "name": "sre-network-rqrt",
                "priority": 9,
                "redirect_configuration_id": "",
                "redirect_configuration_name": "",
                "rewrite_rule_set_id": "",
                "rewrite_rule_set_name": "",
                "rule_type": "Basic",
                "url_path_map_id": "",
                "url_path_map_name": ""
              }
            ],
            "resource_group_name": "sre-resourcegp",
            "rewrite_rule_set": [],
            "sku": [
              {
                "capacity": 2,
                "name": "Standard_v2",
                "tier": "Standard_v2"
              }
            ],
            "ssl_certificate": [],
            "ssl_policy": [
              {
                "cipher_suites": [],
                "disabled_protocols": [],
                "min_protocol_version": "",
                "policy_name": "AppGwSslPolicy20150501",
                "policy_type": "Predefined"
              }
            ],
            "ssl_profile": [],
            "tags": null,
            "timeouts": null,
            "trusted_client_certificate": [],
            "trusted_root_certificate": [],
            "url_path_map": [],
            "waf_configuration": [],
            "zones": null
          },
          "sensitive_attributes": [],
          "private": "eyJlMmJmYjczMC1lY2FhLTExZTYtOGY4OC0zNDM2M2JjN2M0YzAiOnsiY3JlYXRlIjo1NDAwMDAwMDAwMDAwLCJkZWxldGUiOjU0MDAwMDAwMDAwMDAsInJlYWQiOjMwMDAwMDAwMDAwMCwidXBkYXRlIjo1NDAwMDAwMDAwMDAwfX0=",
          "dependencies": [
            "azurerm_public_ip.example",
            "azurerm_resource_group.example",
            "azurerm_subnet.appgw",
            "azurerm_virtual_network.example"
          ]
        }
      ]
    },
    {
      "mode": "managed",
      "type": "azurerm_kubernetes_cluster",
      "name": "example",
      "provider": "provider[\"registry.terraform.io/hashicorp/azurerm\"]",
      "instances": [
        {
          "schema_version": 2,
          "attributes": {
            "aci_connector_linux": [],
            "api_server_access_profile": [
              {
                "authorized_ip_ranges": [],
                "subnet_id": "",
                "vnet_integration_enabled": false
              }
            ],
            "api_server_authorized_ip_ranges": [],
            "auto_scaler_profile": [],
            "automatic_channel_upgrade": "",
            "azure_active_directory_role_based_access_control": [],
            "azure_policy_enabled": null,
            "confidential_computing": [],
            "current_kubernetes_version": "1.30.9",
            "custom_ca_trust_certificates_base64": null,
            "default_node_pool": [
              {
                "capacity_reservation_group_id": "",
                "custom_ca_trust_enabled": false,
                "enable_auto_scaling": false,
                "enable_host_encryption": false,
                "enable_node_public_ip": false,
                "fips_enabled": false,
                "gpu_instance": "",
                "host_group_id": "",
                "kubelet_config": [],
                "kubelet_disk_type": "OS",
                "linux_os_config": [],
                "max_count": 0,
                "max_pods": 250,
                "message_of_the_day": "",
                "min_count": 0,
                "name": "system",
                "node_count": 2,
                "node_labels": {},
                "node_network_profile": [],
                "node_public_ip_prefix_id": "",
                "node_taints": null,
                "only_critical_addons_enabled": false,
                "orchestrator_version": "1.30",
                "os_disk_size_gb": 128,
                "os_disk_type": "Managed",
                "os_sku": "Ubuntu",
                "pod_subnet_id": "",
                "proximity_placement_group_id": "",
                "scale_down_mode": "Delete",
                "snapshot_id": "",
                "tags": null,
                "temporary_name_for_rotation": "",
                "type": "VirtualMachineScaleSets",
                "ultra_ssd_enabled": false,
                "upgrade_settings": [
                  {
                    "max_surge": "10%"
                  }
                ],
                "vm_size": "Standard_D2s_v3",
                "vnet_subnet_id": "",
                "workload_runtime": "",
                "zones": null
              }
            ],
            "disk_encryption_set_id": "",
            "dns_prefix": "aksexamplednsprefix1",
            "dns_prefix_private_cluster": "",
            "edge_zone": "",
            "enable_pod_security_policy": false,
            "fqdn": "",
            "http_application_routing_enabled": null,
            "http_application_routing_zone_name": null,
            "http_proxy_config": [],
            "id": "/subscriptions/cfbf374e-840a-4c91-adbc-30df062a7e1c/resourceGroups/sre-resourcegp/providers/Microsoft.ContainerService/managedClusters/sre-aks",
            "identity": [
              {
                "identity_ids": [
                  "/subscriptions/cfbf374e-840a-4c91-adbc-30df062a7e1c/resourceGroups/sre-resourcegp/providers/Microsoft.ManagedIdentity/userAssignedIdentities/aks-example-identity"
                ],
                "principal_id": "",
                "tenant_id": "",
                "type": "UserAssigned"
              }
            ],
            "image_cleaner_enabled": false,
            "image_cleaner_interval_hours": 48,
            "ingress_application_gateway": [],
            "key_management_service": [],
            "key_vault_secrets_provider": [],
            "kube_admin_config": [],
            "kube_admin_config_raw": "",
            "kube_config": [
              {
                "client_certificate": "LS0tLS1CRUdJTiBDRVJUSUZJQ0FURS0tLS0tCk1JSUZIakNDQXdhZ0F3SUJBZ0lSQUpkMFJvOC9nd2JNTTNVZGpNNFcraE13RFFZSktvWklodmNOQVFFTEJRQXcKRFRFTE1Ba0dBMVVFQXhNQ1kyRXdIaGNOTWpVd016RXdNRGN6TnpRNFdoY05NamN3TXpFd01EYzBOelE0V2pBdwpNUmN3RlFZRFZRUUtFdzV6ZVhOMFpXMDZiV0Z6ZEdWeWN6RVZNQk1HQTFVRUF4TU1iV0Z6ZEdWeVkyeHBaVzUwCk1JSUNJakFOQmdrcWhraUc5dzBCQVFFRkFBT0NBZzhBTUlJQ0NnS0NBZ0VBdEJXVXVXYlRoV0ZNQTBJWm5KOW4KejdLWU1vcldQajMzWW11bFEwWHFCY1g2ZVNVL2hrbmprcDVHZDRrRDJCbVN1NFdhNXI5NmFUcTRzem8wQW9LeQpvUHJKM3VKZTN0ZnE3dERaU2wrbWZEeWF0Q0xvZWtqZG5YSDR4YzRKTm92RzBlMmxYQURRSjVnT0NRT0RNVFZvCjdBTVk5WGkwSGE1eUk0Z0VIZWtNYUtSQXlrT3NMN1ZhZ0RndDU0WE03QkFvSVBlbjk0Z1pFZ2ZQeWF2S2gvQloKcU8vcGZGbGlYUnJjWlAyc05qNS9DVEszVk1wemlaNVFoMmwxelJkWXBuekREdUdBL0hpb3hkNlo3WGZVWDQ4cgpiR0o2Z3RhOU5hR0FtRGNSUWIrMHloWVNXR0xhOTBTQjFobnNpK3JPQkRlbmEzQllFTXVrcTRIcGpaUExHellzClZ4TERqZk95OW15SENmRzRlT2ZkcEkrZlgwQVZEL3hZVGd0a2V5a1ZLcDVJZENvQjBhR1B4M0pvME5TQlAwOFQKb1FhVk1EVkl4NUZIS0NtK0VOZGNYRXRhYWtzc1hLS2lqUG5CRnNhejEwb2NRdmx4M01JZ3FTNTloSXVMbjlWVwo1OEFoZDF6Z2g5dHdua2pDWTkvQXV2YlhYK3V4QVJRa081R2ZGam00bkRHWS9uYjYrMmw2anYrc2ZXbTZVYUJUCnpuQkdWRHFhZWR4TWZRSkhaYWNVdkVqRkR1YnlEenF6U3YwT1BEZU9SdU14SjY5Qm1sZmV0YThRd2hrc3FWdSsKRVNRTGhhWnhTSmxHWDczTEduWWp6T3UvSUQrck50VVlXR3ZTQkNCeHNjeFVvSDVwY3pCS0thYTFzR0tGd3FGawpVN3I1enFDZVJ3Z0c5ejBvZmZCTXlua0NBd0VBQWFOV01GUXdEZ1lEVlIwUEFRSC9CQVFEQWdXZ01CTUdBMVVkCkpRUU1NQW9HQ0NzR0FRVUZCd01DTUF3R0ExVWRFd0VCL3dRQ01BQXdId1lEVlIwakJCZ3dGb0FVY0tTaHR4bjIKbzYzZ1I4Q1gwa0IyaVF0Yi8vQXdEUVlKS29aSWh2Y05BUUVMQlFBRGdnSUJBSUdRSXNMUlZvUHFWWmpRdDgwdAorM1VtVHFOSUUralJBQjlFNEk3bnJxSmFnNm54SzJRQVEzZjEya2Z6dFpMRlJSSzYvVXRvZnV0U1MzOFArcS9CClhiUHl4MGdPRzJjYkhpZ1htMHRpa1FUUXJkR2Rlb3RLTjJTTjF4cEhoUnVxTzBycGk5YlVrM3RKVDJWU3NDOXAKM0l4YnlLTW5hYTdnYTA4Z0VJUjdrUlNMMUdodXR6dWtRQjQ2QUJ1Q3A5NVhRWTZ3S0ZyaVliVjN2ZW9QUlJjbAppOFBSeHRqNHZkbEJMNVM0aDhxMUVDdXI2UUNWUDR3SVk5c0Jpa1Y5WnVpa2p4dkFHVzkra3BnTXVWdnM0MWNjCkkxL0RFNlFnaXFrR0h4VmpaQUZwM1F1QjczcDRuTTBDOHB4ZHFrRXRHNHBXNm4rc3ZreEl0WTFoclVuWHZ3S08KaHFBbElQemRqQnFZU3o1SGVEeGdJRnR4MW56ZFBzNlU3ZUZsZUxhTWpiVmVKeG5zZWxSN1lXZ09wQUkwL0NPMgpSaWpISjFnSzJpay9OSHVmYzFCSEFTa0x6MW9KMnZDbnFzQXlTWTRnQnZtMDdncWpSbUtBUnMwU09BT3NyVS8rCmFXMGdXUE1RZC83N3FUbVZmR2VoZ3dMN3daeUNteHhEMm1XZkpGdm1oMXNNa2ErUDB2eE5TNm9lRkE0YUtSUWsKeFFsUHJoVnY2aG9vamgwenMxaTVnTUhsaHI1L2VpenY1bUgwU3FlRDMyMlZrNjdXdmdHeXdUMUZEQnhBeXVPZgpoR1pURm85YUIxNW9pUTVYa3NaUi9ma2lhZmROZy9oaHJyYWpDUThXcVQ0Z05ILzgxR1A1cUJHZmVzY2E5TG84CkRzNkNpUjZsbnNvQXdGSzR2dkh5d2pSaAotLS0tLUVORCBDRVJUSUZJQ0FURS0tLS0tCg==",
                "client_key": "LS0tLS1CRUdJTiBSU0EgUFJJVkFURSBLRVktLS0tLQpNSUlKS0FJQkFBS0NBZ0VBdEJXVXVXYlRoV0ZNQTBJWm5KOW56N0tZTW9yV1BqMzNZbXVsUTBYcUJjWDZlU1UvCmhrbmprcDVHZDRrRDJCbVN1NFdhNXI5NmFUcTRzem8wQW9LeW9QckozdUplM3RmcTd0RFpTbCttZkR5YXRDTG8KZWtqZG5YSDR4YzRKTm92RzBlMmxYQURRSjVnT0NRT0RNVFZvN0FNWTlYaTBIYTV5STRnRUhla01hS1JBeWtPcwpMN1ZhZ0RndDU0WE03QkFvSVBlbjk0Z1pFZ2ZQeWF2S2gvQlpxTy9wZkZsaVhScmNaUDJzTmo1L0NUSzNWTXB6CmlaNVFoMmwxelJkWXBuekREdUdBL0hpb3hkNlo3WGZVWDQ4cmJHSjZndGE5TmFHQW1EY1JRYisweWhZU1dHTGEKOTBTQjFobnNpK3JPQkRlbmEzQllFTXVrcTRIcGpaUExHellzVnhMRGpmT3k5bXlIQ2ZHNGVPZmRwSStmWDBBVgpEL3hZVGd0a2V5a1ZLcDVJZENvQjBhR1B4M0pvME5TQlAwOFRvUWFWTURWSXg1RkhLQ20rRU5kY1hFdGFha3NzClhLS2lqUG5CRnNhejEwb2NRdmx4M01JZ3FTNTloSXVMbjlWVzU4QWhkMXpnaDl0d25rakNZOS9BdXZiWFgrdXgKQVJRa081R2ZGam00bkRHWS9uYjYrMmw2anYrc2ZXbTZVYUJUem5CR1ZEcWFlZHhNZlFKSFphY1V2RWpGRHVieQpEenF6U3YwT1BEZU9SdU14SjY5Qm1sZmV0YThRd2hrc3FWdStFU1FMaGFaeFNKbEdYNzNMR25ZanpPdS9JRCtyCk50VVlXR3ZTQkNCeHNjeFVvSDVwY3pCS0thYTFzR0tGd3FGa1U3cjV6cUNlUndnRzl6MG9mZkJNeW5rQ0F3RUEKQVFLQ0FnRUFpdmlvaUJjcEhxSkNOYlY1N0ZzN2twWGhUQWZHWTh3UUw5eWdjWFR2cnpya0d6ODZjWmh0ellUbApIblFYQ2xwWjJPcTI2bUZUeHdjdzUrYi9vZnhZZTFCdUh0bVVtdVlIZi9xZDVQNUJqVmg3am8zdDJBaUpOV3B4CnI3eGJjY09XVUFUVCtsY0tTN1BWQ1BHeitYS2RJSjBYVXIrdVI4V0tnWThDbGs1MWEvOXRuR2x5NUhKUWYraGEKekhOOSs2SlFSWGk1SDVYZ3V3QmFRdWlXNkNiOEdobmlsanFvWk85SXE0cnpyZnkycmxOOEZTd1MwMTNnQ1UvQwpQOTVIWkZ1ZGI4dG9iZTF6V1JkNnRENG9Id0p1WVRyeURpeEhZYTdiZlJ2cDdsSlI0eTM3UkVndGNHcG13K0hICm9RWTNyQnVDMEsrbTFuZEJBYlhFbGFRN05pbXROc3Q5NDNuWGt3NjdUNGlYczBzMmFxOVBRc01UcVh5Y1FxaHkKdUdVdGFROGNDRG9CZEdIb0dPUDNyTGpxcjNXZ0I0SFZNdVVqNU1NcWwvdUZnelRvRTZGeUI5Rm94eE5KOTIvSQozVEIwVGs2Uk9hc1kzU3lhWVBaUnNOdUpqK0pzOEZ6R3J2OU84QVYvckQ1UWs4S0ZsQXhTeFRaaG1EUWs1R2dVCis0U1AzMGtyTEVoZm95Y2hRVWQrYk9xYWRIK2Jzc3JGY3F4Qit2VStHMWZnbUlwRG9iWHRaYUdDVVA1QTY0M1YKZ3hBRUJyWnEvcFloelRFdFYrNDNwZkpjKzF0dTRGUmFwQnhQN0pBM0MwMUhkM21wTUo0dE5SOVUwa1RGSXBUaAoxalkyenFDSVNxYzJsQXU5VDh1Nkp1dHZ4a0FIT2NDNnJvY3pUNG4wUUhHbEJxcW82QUVDZ2dFQkFNQis5Si9YClViOFppcEVWb2I2L0xBT2Zhc09BNEFPSDI4V3JZclMrSndFZmxDRXVtUmQ0NGYyeVA2VDc1RWxwc25ZQ0xSekUKOEwzSWVnVlJNVUM3UWJvYXlXckFCVjd1TnpmWjRycTJmQXNKYUZFdG9Zckswc3k3Tk1nWTRYODdyM3h5ajY1NApIMTlLbzJzY0c2bjF3M0pqVTdwdG5lSzUxeW4wMjdod1k5TXpVZjRkYU56SDhVdHUzU1FJQnExMjFZUkxIdXYrCm9GOUdNUnNQNlR2Sml5LzlGbUlhOXg0aU9icnYwYzZBUDhTdFkzTGU5K3Qrc2pwWkFuL0QraHZOSUNWVGk4elQKZXU0eDdmcXE2YlhrdW1vbXJDWXI5WlBBeFhKVG1oT0M3dHVIc0Rjc3luSzRGSy9sMlZpQWlnL0ptWkdrYS9OdgpNdTdacnFvd1pkZGZ0WGtDZ2dFQkFPOSthalFqKzFnSFJmekdvMVZadEZmYWdlNTdickR4Yy9SUDlvUURIbXNqCmU0MTl1dmIzVW1mUll0VHl3UTBSRkpNTkRGT2wzQ1ZTYWdVbjlxeFFCWFVDc3NYZHRSTUR6blVDQ29JWUNkQWQKMVBzOGwzbWJSR0xlaTV1Y0hJTFJhT3Qwdkc3eTBqUUtKc3JHYUt1KytrZ1k4cWoxMlJmekFkSllZdkRlQmsxbwpVRTNteGFvcm91Tjc0UUhnY01wUk50MllMcVJsMHZFK01paTAyLzhjdnJQZEd5SEVIWEJURk90UVdINTRoT1J0ClZuWFFlOWo1R0w0enIzNFoxcWRZNkJ4Q2FKT3luNGVFaVB2cmtiNk1ISDhReFU3bmdTV3YveXBKanY4TEF4dHkKVDdYdjVwNkk5VFRNZnZZRjF4Q0VLR1JzTStRWEJyVmxGNytrWUNpWmZRRUNnZ0VBV0g3RkZXclcwUVQ3K0NFNgp2OGVCZzVUWmIxR2pLdHhkZysxN3JsNHc3a3BIUGszKzRaU1lTSnFXdWRGM3JPeGp0KzdlTUhpMXVIb2U1cXpoCitNRmR3U0lwY09NZ1ZQa3M5NGM2dmQzQS93M3ZJRXJiRmtTU1RyN04wQ1BvSHljZ1VSVVZ5djY4WllHWnlWY2QKdkxBWWoxRHNvQ3RleDJucWFnYUFzTFV5bjFqYm0vaUhTZUM5cEpFdUp5OXRhbmZVUjBLRno3YTZvYkpTUnYrMAptT0RhRlZERDVveEJDV0J3cStrdXlrR1pqMkNxOUpkZTRLdlpZZ3VqbzN0RVUxMmxKcVBYQkc1QStKcUpycEMrCmF2bmhYWVd6NU1TVzNMdGx5bDUyMmZ0NnRnQVdXZmRFaHlMcmw4WVNlcVoxVWphN1hBSjhBbWtmd0VEaEZLcTEKVnlOUCtRS0NBUUJnSE02SVlFeFZWbzNxMU5qbHZ0dFdTcFhNWEhMZXhmZXYrNHRHRFc1ZXR0MjF1ZGlYbGtmVwo3RHdLaytXUDFlUDQ0OHFub3krSE50emZkdHRTNmNaVzRCOVlzeEloTUd6aG5sRVRSb3hobmlkRU1Gdmw3TDcwCklyWEtYRXRBNE1PSGd0REFnZWlFQS9MdmU5S3o0aS9WVVZYSkl1amQ2S001aEVrb3V5R3lYUU9sVDlEUjZ6TXkKc2h0cHdtWGhlOWhWOCtYOENmVXU1YlFCakJ1aDlTby9TcVBCMkUrc0xWdCsyRDY3ZXFoeWQ4SzBBMWhBaWk4NAozY3MzQXkyVytXSWxQUzEwNE1HUEJFeHBOVy9IRmJtMThNZ09VM0FMN09hdFZObnpWcnNIZjhlbmowQnhMU3VpCjVkS3A3MHdSRDhpYURLYUNpZzhpS3hEdDB3ellIa2tCQW9JQkFCZDBUZUgxMkdPUStoR2NCZzJtZkxGMEFLUGUKb1Q0SjZjbFc2SlM3NnZIcmVjYWgxd01LRm43cHBtNUp1ZDVISGxKcTl6RTdZelZGbGNUV3J3dTBvcm9DNkhtTQpOaXlIMUZ1YVRtMFRIdlVEc0xsY055aEJqVzRPa3V4c0U0ekozL2lJVEREQ3ZVM2NpMWJzenRsZi9uTWVlUUcxCnZoWllKV096UG5hM3Zmbnc4ZDRTSXFxMFNaOXFCYStVVDY3b2tDWHZqb3k4TVNhUUVReVNGQm1xNUN3eFRRVDkKc0h5VDVXQWthOWpjN1FjalZPWENoRndsNzgza0hLcm12anVrbmVvQVZKcURQdUpLOEJUU05vM0FVR3ZhTWU0VwpSYlpsYUhSbENlbFBuMU9hQXBDSG1MTVM3b1ZURHp1TVBSOFhxNzRLTUJiWHYvV2QreWNkYkdxK3VLST0KLS0tLS1FTkQgUlNBIFBSSVZBVEUgS0VZLS0tLS0K",
                "cluster_ca_certificate": "LS0tLS1CRUdJTiBDRVJUSUZJQ0FURS0tLS0tCk1JSUU2RENDQXRDZ0F3SUJBZ0lRVytGU2pZMFNpMzk3NkEyUGhxZFZxakFOQmdrcWhraUc5dzBCQVFzRkFEQU4KTVFzd0NRWURWUVFERXdKallUQWdGdzB5TlRBek1UQXdOek0zTkRoYUdBOHlNRFUxTURNeE1EQTNORGMwT0ZvdwpEVEVMTUFrR0ExVUVBeE1DWTJFd2dnSWlNQTBHQ1NxR1NJYjNEUUVCQVFVQUE0SUNEd0F3Z2dJS0FvSUNBUUM2CitmbFdFN29qaHFCRUk0aG9HSlY5STdaS3kzemV4andJVzA5TWw2d0ZqWUNKd2ExOGt3VVJiNStuY0V2d0VXZloKQ2lMRmFQWElwUnJ3Nk5OcHA5VXhMU0xTck00dGFZZUZYUExzSTlHUU1xc3ZKYVljYjllNkw4d3FhcHRSWHFmOApXMk9ob1AraHZOOFBkS09hTWx2eHJyU1ZpZzNEQlkwZDgrMVIwSzk1VUFoRGhwMG9tUEtMTFdsOEM0YVhONHlsCjdBaWVuZ3ZMUG0xbVdKb0ZIR3N3aUF4SGY3MGEwNUdLd1g1K1F1dGh4TUxtZVVWUFVKL2dCdVZ6L24yQk91a2wKVnVVbEo3RHRrRCs3UXR3K2xFQUpwalZlZlJwZGxRMTZ3WmFvQjRKeExybFJIZmxlT0lRNWVsQkxadUM0QzJUdgpjVkt3UjNZT09uaHZHNFdZZzVEaXY4SnBhNlAxMXA0WitWZFBBVlJKMUR1cmpHRWlEVnIwZjlvNG1sREhuYWxtCnJLTWJGcno2REUwdGsxK2dsSlJiSFZLbW5RMEdqN0MvU2JieUFTaUJ4ajJQRStVYjhjK1N0U2VkaGhRL3FxZ2IKKzYwbUdJc00vOEJTeVRaY2xrYWhvU01QejJCZzZSUlVTZHZQRDE0cXk2T0c5WmJvMmlDQUV0cndHb1RmTUtJdgpUdlpNdytSeENqWktsdTlvQktBbTNlSGNiZGZUOGNkaHViZ0o2YlZ6K0JUb3M0ZUhFYnlyd1dOZTFKbmlKTTk5Ck5hdk1jaUVLUXErNWRnS0hmWXVPVTBGeDNIZEpFT29oYXBkYStMbjIxMlYrellKUWg0Nk1wNGZ0MHhGZWxZV00KckhsMnJUWGZuRFJwNUZ5V2ZuVWRvcDBqQnFSclE0TVRsYTZqQ21qNlF3SURBUUFCbzBJd1FEQU9CZ05WSFE4QgpBZjhFQkFNQ0FxUXdEd1lEVlIwVEFRSC9CQVV3QXdFQi96QWRCZ05WSFE0RUZnUVVjS1NodHhuMm82M2dSOENYCjBrQjJpUXRiLy9Bd0RRWUpLb1pJaHZjTkFRRUxCUUFEZ2dJQkFGc0xDTVE1Q2Q5alNtWURKcFU4YnpvSlpScTgKUjZWM2Frbm0rejhZVk5sL0RELysrZFFjVXJ5Y0U5dTNseU1HVzVXYjRGUFl4R1BXejBsUGJpQm9mMThDK1VZMApPNmN3Z3lnRW4vTXhMMWsxSXBCdmRMT2RRZ1dOT1ZSaUx1Z1g5cytxcXRBeEhQQlcxYzdORWhhMi9jeXN1VmVtCi9YbG5ZemdpdERmMldnejhFRDBVOUYyY085WTRrODZwdTEraGFJRGtKSCthWitKbzFxM3YvSnVyZDlPd3dSZCsKZDZsei9SUHM3UGNIb2pKYmhwandqU2twTmRyUC9MZ08rQmxSYTlDL2VISVR5NkxEL3R0ZHZCdFppR1lURTduNwo1Z3ZKMXc5akM5QkpSM3VlNml3OCtHTUVCUDRMOG1MTW9JMFBTU0o5d3hjU0M4Y054eDBoS1ZFSUtQdEZab2ExCjJXRzlmMUxla3gxMUxNVTMvKzhpWlB3b2hBRHVhMFZ2NlJzeG5sdk5pL1lXclE3UjdxNkZDbFJ0ZnY2ci84dGUKQjVzc2QrWURTTk8wUnlsSm1WYXIxdjZWYTROd2VlV2s1cjBXK01FT3dYRFdwZ2UxWmhYM2dxUGlHNVJqQ3NxQwpqdlN6Qi9NeEx2TkVQaVgrZ3FINVBNc21TUlZ3NWw2ditURTY3MVBzNzRER3ZhQ1dMZ3FESWZsOHNrcmduWWxpCkNIODdxdmpKUURTclh3NVZkTXFqeVhjZ2xEVUtoTi9ScDJ0NnIxenZub1JLVlZHOUI4b09aWGhISGIvNkt0QUsKbTNsR3Fvck1YODgrcTMrSlNHUEhXVjZldndNZ1hsdkYrVi9LalU3SjJCaTZFbHdYYmNXMlRoc0drN1YzRXB4TAppUHBRQlhMeE1CTGZiMURQCi0tLS0tRU5EIENFUlRJRklDQVRFLS0tLS0K",
                "host": "https://aksexamplednsprefix1-9glxz1e1.privatelink.westeurope.azmk8s.io:443",
                "password": "r2jwz09827awwswgczj3is8pfb49q7c1q58ubgf92n8txl5zkjk9rbkra16bkf79xcqgfivvxmlu2vbnlybclw4qcxvrx0f5d412hs96v585dnk454ohzgnyk6uip34d",
                "username": "clusterUser_sre-resourcegp_sre-aks"
              }
            ],
            "kube_config_raw": "apiVersion: v1\nclusters:\n- cluster:\n    certificate-authority-data: LS0tLS1CRUdJTiBDRVJUSUZJQ0FURS0tLS0tCk1JSUU2RENDQXRDZ0F3SUJBZ0lRVytGU2pZMFNpMzk3NkEyUGhxZFZxakFOQmdrcWhraUc5dzBCQVFzRkFEQU4KTVFzd0NRWURWUVFERXdKallUQWdGdzB5TlRBek1UQXdOek0zTkRoYUdBOHlNRFUxTURNeE1EQTNORGMwT0ZvdwpEVEVMTUFrR0ExVUVBeE1DWTJFd2dnSWlNQTBHQ1NxR1NJYjNEUUVCQVFVQUE0SUNEd0F3Z2dJS0FvSUNBUUM2CitmbFdFN29qaHFCRUk0aG9HSlY5STdaS3kzemV4andJVzA5TWw2d0ZqWUNKd2ExOGt3VVJiNStuY0V2d0VXZloKQ2lMRmFQWElwUnJ3Nk5OcHA5VXhMU0xTck00dGFZZUZYUExzSTlHUU1xc3ZKYVljYjllNkw4d3FhcHRSWHFmOApXMk9ob1AraHZOOFBkS09hTWx2eHJyU1ZpZzNEQlkwZDgrMVIwSzk1VUFoRGhwMG9tUEtMTFdsOEM0YVhONHlsCjdBaWVuZ3ZMUG0xbVdKb0ZIR3N3aUF4SGY3MGEwNUdLd1g1K1F1dGh4TUxtZVVWUFVKL2dCdVZ6L24yQk91a2wKVnVVbEo3RHRrRCs3UXR3K2xFQUpwalZlZlJwZGxRMTZ3WmFvQjRKeExybFJIZmxlT0lRNWVsQkxadUM0QzJUdgpjVkt3UjNZT09uaHZHNFdZZzVEaXY4SnBhNlAxMXA0WitWZFBBVlJKMUR1cmpHRWlEVnIwZjlvNG1sREhuYWxtCnJLTWJGcno2REUwdGsxK2dsSlJiSFZLbW5RMEdqN0MvU2JieUFTaUJ4ajJQRStVYjhjK1N0U2VkaGhRL3FxZ2IKKzYwbUdJc00vOEJTeVRaY2xrYWhvU01QejJCZzZSUlVTZHZQRDE0cXk2T0c5WmJvMmlDQUV0cndHb1RmTUtJdgpUdlpNdytSeENqWktsdTlvQktBbTNlSGNiZGZUOGNkaHViZ0o2YlZ6K0JUb3M0ZUhFYnlyd1dOZTFKbmlKTTk5Ck5hdk1jaUVLUXErNWRnS0hmWXVPVTBGeDNIZEpFT29oYXBkYStMbjIxMlYrellKUWg0Nk1wNGZ0MHhGZWxZV00KckhsMnJUWGZuRFJwNUZ5V2ZuVWRvcDBqQnFSclE0TVRsYTZqQ21qNlF3SURBUUFCbzBJd1FEQU9CZ05WSFE4QgpBZjhFQkFNQ0FxUXdEd1lEVlIwVEFRSC9CQVV3QXdFQi96QWRCZ05WSFE0RUZnUVVjS1NodHhuMm82M2dSOENYCjBrQjJpUXRiLy9Bd0RRWUpLb1pJaHZjTkFRRUxCUUFEZ2dJQkFGc0xDTVE1Q2Q5alNtWURKcFU4YnpvSlpScTgKUjZWM2Frbm0rejhZVk5sL0RELysrZFFjVXJ5Y0U5dTNseU1HVzVXYjRGUFl4R1BXejBsUGJpQm9mMThDK1VZMApPNmN3Z3lnRW4vTXhMMWsxSXBCdmRMT2RRZ1dOT1ZSaUx1Z1g5cytxcXRBeEhQQlcxYzdORWhhMi9jeXN1VmVtCi9YbG5ZemdpdERmMldnejhFRDBVOUYyY085WTRrODZwdTEraGFJRGtKSCthWitKbzFxM3YvSnVyZDlPd3dSZCsKZDZsei9SUHM3UGNIb2pKYmhwandqU2twTmRyUC9MZ08rQmxSYTlDL2VISVR5NkxEL3R0ZHZCdFppR1lURTduNwo1Z3ZKMXc5akM5QkpSM3VlNml3OCtHTUVCUDRMOG1MTW9JMFBTU0o5d3hjU0M4Y054eDBoS1ZFSUtQdEZab2ExCjJXRzlmMUxla3gxMUxNVTMvKzhpWlB3b2hBRHVhMFZ2NlJzeG5sdk5pL1lXclE3UjdxNkZDbFJ0ZnY2ci84dGUKQjVzc2QrWURTTk8wUnlsSm1WYXIxdjZWYTROd2VlV2s1cjBXK01FT3dYRFdwZ2UxWmhYM2dxUGlHNVJqQ3NxQwpqdlN6Qi9NeEx2TkVQaVgrZ3FINVBNc21TUlZ3NWw2ditURTY3MVBzNzRER3ZhQ1dMZ3FESWZsOHNrcmduWWxpCkNIODdxdmpKUURTclh3NVZkTXFqeVhjZ2xEVUtoTi9ScDJ0NnIxenZub1JLVlZHOUI4b09aWGhISGIvNkt0QUsKbTNsR3Fvck1YODgrcTMrSlNHUEhXVjZldndNZ1hsdkYrVi9LalU3SjJCaTZFbHdYYmNXMlRoc0drN1YzRXB4TAppUHBRQlhMeE1CTGZiMURQCi0tLS0tRU5EIENFUlRJRklDQVRFLS0tLS0K\n    server: https://aksexamplednsprefix1-9glxz1e1.privatelink.westeurope.azmk8s.io:443\n  name: sre-aks\ncontexts:\n- context:\n    cluster: sre-aks\n    user: clusterUser_sre-resourcegp_sre-aks\n  name: sre-aks\ncurrent-context: sre-aks\nkind: Config\npreferences: {}\nusers:\n- name: clusterUser_sre-resourcegp_sre-aks\n  user:\n    client-certificate-data: LS0tLS1CRUdJTiBDRVJUSUZJQ0FURS0tLS0tCk1JSUZIakNDQXdhZ0F3SUJBZ0lSQUpkMFJvOC9nd2JNTTNVZGpNNFcraE13RFFZSktvWklodmNOQVFFTEJRQXcKRFRFTE1Ba0dBMVVFQXhNQ1kyRXdIaGNOTWpVd016RXdNRGN6TnpRNFdoY05NamN3TXpFd01EYzBOelE0V2pBdwpNUmN3RlFZRFZRUUtFdzV6ZVhOMFpXMDZiV0Z6ZEdWeWN6RVZNQk1HQTFVRUF4TU1iV0Z6ZEdWeVkyeHBaVzUwCk1JSUNJakFOQmdrcWhraUc5dzBCQVFFRkFBT0NBZzhBTUlJQ0NnS0NBZ0VBdEJXVXVXYlRoV0ZNQTBJWm5KOW4KejdLWU1vcldQajMzWW11bFEwWHFCY1g2ZVNVL2hrbmprcDVHZDRrRDJCbVN1NFdhNXI5NmFUcTRzem8wQW9LeQpvUHJKM3VKZTN0ZnE3dERaU2wrbWZEeWF0Q0xvZWtqZG5YSDR4YzRKTm92RzBlMmxYQURRSjVnT0NRT0RNVFZvCjdBTVk5WGkwSGE1eUk0Z0VIZWtNYUtSQXlrT3NMN1ZhZ0RndDU0WE03QkFvSVBlbjk0Z1pFZ2ZQeWF2S2gvQloKcU8vcGZGbGlYUnJjWlAyc05qNS9DVEszVk1wemlaNVFoMmwxelJkWXBuekREdUdBL0hpb3hkNlo3WGZVWDQ4cgpiR0o2Z3RhOU5hR0FtRGNSUWIrMHloWVNXR0xhOTBTQjFobnNpK3JPQkRlbmEzQllFTXVrcTRIcGpaUExHellzClZ4TERqZk95OW15SENmRzRlT2ZkcEkrZlgwQVZEL3hZVGd0a2V5a1ZLcDVJZENvQjBhR1B4M0pvME5TQlAwOFQKb1FhVk1EVkl4NUZIS0NtK0VOZGNYRXRhYWtzc1hLS2lqUG5CRnNhejEwb2NRdmx4M01JZ3FTNTloSXVMbjlWVwo1OEFoZDF6Z2g5dHdua2pDWTkvQXV2YlhYK3V4QVJRa081R2ZGam00bkRHWS9uYjYrMmw2anYrc2ZXbTZVYUJUCnpuQkdWRHFhZWR4TWZRSkhaYWNVdkVqRkR1YnlEenF6U3YwT1BEZU9SdU14SjY5Qm1sZmV0YThRd2hrc3FWdSsKRVNRTGhhWnhTSmxHWDczTEduWWp6T3UvSUQrck50VVlXR3ZTQkNCeHNjeFVvSDVwY3pCS0thYTFzR0tGd3FGawpVN3I1enFDZVJ3Z0c5ejBvZmZCTXlua0NBd0VBQWFOV01GUXdEZ1lEVlIwUEFRSC9CQVFEQWdXZ01CTUdBMVVkCkpRUU1NQW9HQ0NzR0FRVUZCd01DTUF3R0ExVWRFd0VCL3dRQ01BQXdId1lEVlIwakJCZ3dGb0FVY0tTaHR4bjIKbzYzZ1I4Q1gwa0IyaVF0Yi8vQXdEUVlKS29aSWh2Y05BUUVMQlFBRGdnSUJBSUdRSXNMUlZvUHFWWmpRdDgwdAorM1VtVHFOSUUralJBQjlFNEk3bnJxSmFnNm54SzJRQVEzZjEya2Z6dFpMRlJSSzYvVXRvZnV0U1MzOFArcS9CClhiUHl4MGdPRzJjYkhpZ1htMHRpa1FUUXJkR2Rlb3RLTjJTTjF4cEhoUnVxTzBycGk5YlVrM3RKVDJWU3NDOXAKM0l4YnlLTW5hYTdnYTA4Z0VJUjdrUlNMMUdodXR6dWtRQjQ2QUJ1Q3A5NVhRWTZ3S0ZyaVliVjN2ZW9QUlJjbAppOFBSeHRqNHZkbEJMNVM0aDhxMUVDdXI2UUNWUDR3SVk5c0Jpa1Y5WnVpa2p4dkFHVzkra3BnTXVWdnM0MWNjCkkxL0RFNlFnaXFrR0h4VmpaQUZwM1F1QjczcDRuTTBDOHB4ZHFrRXRHNHBXNm4rc3ZreEl0WTFoclVuWHZ3S08KaHFBbElQemRqQnFZU3o1SGVEeGdJRnR4MW56ZFBzNlU3ZUZsZUxhTWpiVmVKeG5zZWxSN1lXZ09wQUkwL0NPMgpSaWpISjFnSzJpay9OSHVmYzFCSEFTa0x6MW9KMnZDbnFzQXlTWTRnQnZtMDdncWpSbUtBUnMwU09BT3NyVS8rCmFXMGdXUE1RZC83N3FUbVZmR2VoZ3dMN3daeUNteHhEMm1XZkpGdm1oMXNNa2ErUDB2eE5TNm9lRkE0YUtSUWsKeFFsUHJoVnY2aG9vamgwenMxaTVnTUhsaHI1L2VpenY1bUgwU3FlRDMyMlZrNjdXdmdHeXdUMUZEQnhBeXVPZgpoR1pURm85YUIxNW9pUTVYa3NaUi9ma2lhZmROZy9oaHJyYWpDUThXcVQ0Z05ILzgxR1A1cUJHZmVzY2E5TG84CkRzNkNpUjZsbnNvQXdGSzR2dkh5d2pSaAotLS0tLUVORCBDRVJUSUZJQ0FURS0tLS0tCg==\n    client-key-data: LS0tLS1CRUdJTiBSU0EgUFJJVkFURSBLRVktLS0tLQpNSUlKS0FJQkFBS0NBZ0VBdEJXVXVXYlRoV0ZNQTBJWm5KOW56N0tZTW9yV1BqMzNZbXVsUTBYcUJjWDZlU1UvCmhrbmprcDVHZDRrRDJCbVN1NFdhNXI5NmFUcTRzem8wQW9LeW9QckozdUplM3RmcTd0RFpTbCttZkR5YXRDTG8KZWtqZG5YSDR4YzRKTm92RzBlMmxYQURRSjVnT0NRT0RNVFZvN0FNWTlYaTBIYTV5STRnRUhla01hS1JBeWtPcwpMN1ZhZ0RndDU0WE03QkFvSVBlbjk0Z1pFZ2ZQeWF2S2gvQlpxTy9wZkZsaVhScmNaUDJzTmo1L0NUSzNWTXB6CmlaNVFoMmwxelJkWXBuekREdUdBL0hpb3hkNlo3WGZVWDQ4cmJHSjZndGE5TmFHQW1EY1JRYisweWhZU1dHTGEKOTBTQjFobnNpK3JPQkRlbmEzQllFTXVrcTRIcGpaUExHellzVnhMRGpmT3k5bXlIQ2ZHNGVPZmRwSStmWDBBVgpEL3hZVGd0a2V5a1ZLcDVJZENvQjBhR1B4M0pvME5TQlAwOFRvUWFWTURWSXg1RkhLQ20rRU5kY1hFdGFha3NzClhLS2lqUG5CRnNhejEwb2NRdmx4M01JZ3FTNTloSXVMbjlWVzU4QWhkMXpnaDl0d25rakNZOS9BdXZiWFgrdXgKQVJRa081R2ZGam00bkRHWS9uYjYrMmw2anYrc2ZXbTZVYUJUem5CR1ZEcWFlZHhNZlFKSFphY1V2RWpGRHVieQpEenF6U3YwT1BEZU9SdU14SjY5Qm1sZmV0YThRd2hrc3FWdStFU1FMaGFaeFNKbEdYNzNMR25ZanpPdS9JRCtyCk50VVlXR3ZTQkNCeHNjeFVvSDVwY3pCS0thYTFzR0tGd3FGa1U3cjV6cUNlUndnRzl6MG9mZkJNeW5rQ0F3RUEKQVFLQ0FnRUFpdmlvaUJjcEhxSkNOYlY1N0ZzN2twWGhUQWZHWTh3UUw5eWdjWFR2cnpya0d6ODZjWmh0ellUbApIblFYQ2xwWjJPcTI2bUZUeHdjdzUrYi9vZnhZZTFCdUh0bVVtdVlIZi9xZDVQNUJqVmg3am8zdDJBaUpOV3B4CnI3eGJjY09XVUFUVCtsY0tTN1BWQ1BHeitYS2RJSjBYVXIrdVI4V0tnWThDbGs1MWEvOXRuR2x5NUhKUWYraGEKekhOOSs2SlFSWGk1SDVYZ3V3QmFRdWlXNkNiOEdobmlsanFvWk85SXE0cnpyZnkycmxOOEZTd1MwMTNnQ1UvQwpQOTVIWkZ1ZGI4dG9iZTF6V1JkNnRENG9Id0p1WVRyeURpeEhZYTdiZlJ2cDdsSlI0eTM3UkVndGNHcG13K0hICm9RWTNyQnVDMEsrbTFuZEJBYlhFbGFRN05pbXROc3Q5NDNuWGt3NjdUNGlYczBzMmFxOVBRc01UcVh5Y1FxaHkKdUdVdGFROGNDRG9CZEdIb0dPUDNyTGpxcjNXZ0I0SFZNdVVqNU1NcWwvdUZnelRvRTZGeUI5Rm94eE5KOTIvSQozVEIwVGs2Uk9hc1kzU3lhWVBaUnNOdUpqK0pzOEZ6R3J2OU84QVYvckQ1UWs4S0ZsQXhTeFRaaG1EUWs1R2dVCis0U1AzMGtyTEVoZm95Y2hRVWQrYk9xYWRIK2Jzc3JGY3F4Qit2VStHMWZnbUlwRG9iWHRaYUdDVVA1QTY0M1YKZ3hBRUJyWnEvcFloelRFdFYrNDNwZkpjKzF0dTRGUmFwQnhQN0pBM0MwMUhkM21wTUo0dE5SOVUwa1RGSXBUaAoxalkyenFDSVNxYzJsQXU5VDh1Nkp1dHZ4a0FIT2NDNnJvY3pUNG4wUUhHbEJxcW82QUVDZ2dFQkFNQis5Si9YClViOFppcEVWb2I2L0xBT2Zhc09BNEFPSDI4V3JZclMrSndFZmxDRXVtUmQ0NGYyeVA2VDc1RWxwc25ZQ0xSekUKOEwzSWVnVlJNVUM3UWJvYXlXckFCVjd1TnpmWjRycTJmQXNKYUZFdG9Zckswc3k3Tk1nWTRYODdyM3h5ajY1NApIMTlLbzJzY0c2bjF3M0pqVTdwdG5lSzUxeW4wMjdod1k5TXpVZjRkYU56SDhVdHUzU1FJQnExMjFZUkxIdXYrCm9GOUdNUnNQNlR2Sml5LzlGbUlhOXg0aU9icnYwYzZBUDhTdFkzTGU5K3Qrc2pwWkFuL0QraHZOSUNWVGk4elQKZXU0eDdmcXE2YlhrdW1vbXJDWXI5WlBBeFhKVG1oT0M3dHVIc0Rjc3luSzRGSy9sMlZpQWlnL0ptWkdrYS9OdgpNdTdacnFvd1pkZGZ0WGtDZ2dFQkFPOSthalFqKzFnSFJmekdvMVZadEZmYWdlNTdickR4Yy9SUDlvUURIbXNqCmU0MTl1dmIzVW1mUll0VHl3UTBSRkpNTkRGT2wzQ1ZTYWdVbjlxeFFCWFVDc3NYZHRSTUR6blVDQ29JWUNkQWQKMVBzOGwzbWJSR0xlaTV1Y0hJTFJhT3Qwdkc3eTBqUUtKc3JHYUt1KytrZ1k4cWoxMlJmekFkSllZdkRlQmsxbwpVRTNteGFvcm91Tjc0UUhnY01wUk50MllMcVJsMHZFK01paTAyLzhjdnJQZEd5SEVIWEJURk90UVdINTRoT1J0ClZuWFFlOWo1R0w0enIzNFoxcWRZNkJ4Q2FKT3luNGVFaVB2cmtiNk1ISDhReFU3bmdTV3YveXBKanY4TEF4dHkKVDdYdjVwNkk5VFRNZnZZRjF4Q0VLR1JzTStRWEJyVmxGNytrWUNpWmZRRUNnZ0VBV0g3RkZXclcwUVQ3K0NFNgp2OGVCZzVUWmIxR2pLdHhkZysxN3JsNHc3a3BIUGszKzRaU1lTSnFXdWRGM3JPeGp0KzdlTUhpMXVIb2U1cXpoCitNRmR3U0lwY09NZ1ZQa3M5NGM2dmQzQS93M3ZJRXJiRmtTU1RyN04wQ1BvSHljZ1VSVVZ5djY4WllHWnlWY2QKdkxBWWoxRHNvQ3RleDJucWFnYUFzTFV5bjFqYm0vaUhTZUM5cEpFdUp5OXRhbmZVUjBLRno3YTZvYkpTUnYrMAptT0RhRlZERDVveEJDV0J3cStrdXlrR1pqMkNxOUpkZTRLdlpZZ3VqbzN0RVUxMmxKcVBYQkc1QStKcUpycEMrCmF2bmhYWVd6NU1TVzNMdGx5bDUyMmZ0NnRnQVdXZmRFaHlMcmw4WVNlcVoxVWphN1hBSjhBbWtmd0VEaEZLcTEKVnlOUCtRS0NBUUJnSE02SVlFeFZWbzNxMU5qbHZ0dFdTcFhNWEhMZXhmZXYrNHRHRFc1ZXR0MjF1ZGlYbGtmVwo3RHdLaytXUDFlUDQ0OHFub3krSE50emZkdHRTNmNaVzRCOVlzeEloTUd6aG5sRVRSb3hobmlkRU1Gdmw3TDcwCklyWEtYRXRBNE1PSGd0REFnZWlFQS9MdmU5S3o0aS9WVVZYSkl1amQ2S001aEVrb3V5R3lYUU9sVDlEUjZ6TXkKc2h0cHdtWGhlOWhWOCtYOENmVXU1YlFCakJ1aDlTby9TcVBCMkUrc0xWdCsyRDY3ZXFoeWQ4SzBBMWhBaWk4NAozY3MzQXkyVytXSWxQUzEwNE1HUEJFeHBOVy9IRmJtMThNZ09VM0FMN09hdFZObnpWcnNIZjhlbmowQnhMU3VpCjVkS3A3MHdSRDhpYURLYUNpZzhpS3hEdDB3ellIa2tCQW9JQkFCZDBUZUgxMkdPUStoR2NCZzJtZkxGMEFLUGUKb1Q0SjZjbFc2SlM3NnZIcmVjYWgxd01LRm43cHBtNUp1ZDVISGxKcTl6RTdZelZGbGNUV3J3dTBvcm9DNkhtTQpOaXlIMUZ1YVRtMFRIdlVEc0xsY055aEJqVzRPa3V4c0U0ekozL2lJVEREQ3ZVM2NpMWJzenRsZi9uTWVlUUcxCnZoWllKV096UG5hM3Zmbnc4ZDRTSXFxMFNaOXFCYStVVDY3b2tDWHZqb3k4TVNhUUVReVNGQm1xNUN3eFRRVDkKc0h5VDVXQWthOWpjN1FjalZPWENoRndsNzgza0hLcm12anVrbmVvQVZKcURQdUpLOEJUU05vM0FVR3ZhTWU0VwpSYlpsYUhSbENlbFBuMU9hQXBDSG1MTVM3b1ZURHp1TVBSOFhxNzRLTUJiWHYvV2QreWNkYkdxK3VLST0KLS0tLS1FTkQgUlNBIFBSSVZBVEUgS0VZLS0tLS0K\n    token: r2jwz09827awwswgczj3is8pfb49q7c1q58ubgf92n8txl5zkjk9rbkra16bkf79xcqgfivvxmlu2vbnlybclw4qcxvrx0f5d412hs96v585dnk454ohzgnyk6uip34d\n",
            "kubelet_identity": [
              {
                "client_id": "35e4e31b-dbe4-4935-a68f-73987988b83a",
                "object_id": "d02de2b3-11df-4104-b4b8-d4ffb76d9415",
                "user_assigned_identity_id": "/subscriptions/cfbf374e-840a-4c91-adbc-30df062a7e1c/resourceGroups/MC_sre-resourcegp_sre-aks_westeurope/providers/Microsoft.ManagedIdentity/userAssignedIdentities/sre-aks-agentpool"
              }
            ],
            "kubernetes_version": "1.30",
            "linux_profile": [],
            "local_account_disabled": false,
            "location": "westeurope",
            "maintenance_window": [],
            "maintenance_window_auto_upgrade": [],
            "maintenance_window_node_os": [],
            "microsoft_defender": [],
            "monitor_metrics": [],
            "name": "sre-aks",
            "network_profile": [
              {
                "dns_service_ip": "10.0.0.10",
                "docker_bridge_cidr": "",
                "ebpf_data_plane": "",
                "ip_versions": [
                  "IPv4"
                ],
                "load_balancer_profile": [
                  {
                    "effective_outbound_ips": [
                      "/subscriptions/cfbf374e-840a-4c91-adbc-30df062a7e1c/resourceGroups/MC_sre-resourcegp_sre-aks_westeurope/providers/Microsoft.Network/publicIPAddresses/79ecf359-d481-4607-8ea8-ea7e689b62b2"
                    ],
                    "idle_timeout_in_minutes": 0,
                    "managed_outbound_ip_count": 1,
                    "managed_outbound_ipv6_count": 0,
                    "outbound_ip_address_ids": [],
                    "outbound_ip_prefix_ids": [],
                    "outbound_ports_allocated": 0
                  }
                ],
                "load_balancer_sku": "standard",
                "nat_gateway_profile": [],
                "network_mode": "",
                "network_plugin": "azure",
                "network_plugin_mode": "overlay",
                "network_policy": "",
                "outbound_ip_address_ids": [],
                "outbound_ip_prefix_ids": [],
                "outbound_type": "loadBalancer",
                "pod_cidr": "10.244.0.0/16",
                "pod_cidrs": [
                  "10.244.0.0/16"
                ],
                "service_cidr": "10.0.0.0/16",
                "service_cidrs": [
                  "10.0.0.0/16"
                ]
              }
            ],
            "node_os_channel_upgrade": null,
            "node_resource_group": "MC_sre-resourcegp_sre-aks_westeurope",
            "node_resource_group_id": "/subscriptions/cfbf374e-840a-4c91-adbc-30df062a7e1c/resourceGroups/MC_sre-resourcegp_sre-aks_westeurope",
            "oidc_issuer_enabled": false,
            "oidc_issuer_url": "",
            "oms_agent": [],
            "open_service_mesh_enabled": null,
            "portal_fqdn": "0092d4deee03abd988e7f92602bf0091-priv.portal.hcp.westeurope.azmk8s.io",
            "private_cluster_enabled": true,
            "private_cluster_public_fqdn_enabled": false,
            "private_dns_zone_id": "/subscriptions/cfbf374e-840a-4c91-adbc-30df062a7e1c/resourceGroups/sre-resourcegp/providers/Microsoft.Network/privateDnsZones/privatelink.westeurope.azmk8s.io",
            "private_fqdn": "aksexamplednsprefix1-9glxz1e1.privatelink.westeurope.azmk8s.io",
            "public_network_access_enabled": true,
            "resource_group_name": "sre-resourcegp",
            "role_based_access_control_enabled": true,
            "run_command_enabled": true,
            "service_mesh_profile": [],
            "service_principal": [],
            "sku_tier": "Free",
            "storage_profile": [],
            "support_plan": "KubernetesOfficial",
            "tags": null,
            "timeouts": null,
            "web_app_routing": [],
            "windows_profile": [],
            "workload_autoscaler_profile": [],
            "workload_identity_enabled": false
          },
          "sensitive_attributes": [
            [
              {
                "type": "get_attr",
                "value": "kube_admin_config_raw"
              }
            ],
            [
              {
                "type": "get_attr",
                "value": "kube_admin_config"
              }
            ],
            [
              {
                "type": "get_attr",
                "value": "kube_config"
              }
            ],
            [
              {
                "type": "get_attr",
                "value": "kube_config_raw"
              }
            ]
          ],
          "private": "eyJlMmJmYjczMC1lY2FhLTExZTYtOGY4OC0zNDM2M2JjN2M0YzAiOnsiY3JlYXRlIjo1NDAwMDAwMDAwMDAwLCJkZWxldGUiOjU0MDAwMDAwMDAwMDAsInJlYWQiOjMwMDAwMDAwMDAwMCwidXBkYXRlIjo1NDAwMDAwMDAwMDAwfSwic2NoZW1hX3ZlcnNpb24iOiIyIn0=",
          "dependencies": [
            "azurerm_private_dns_zone.example",
            "azurerm_resource_group.example",
            "azurerm_role_assignment.example",
            "azurerm_user_assigned_identity.example"
          ]
        }
      ]
    },
    {
      "mode": "managed",
      "type": "azurerm_private_dns_zone",
      "name": "example",
      "provider": "provider[\"registry.terraform.io/hashicorp/azurerm\"]",
      "instances": [
        {
          "schema_version": 0,
          "attributes": {
            "id": "/subscriptions/cfbf374e-840a-4c91-adbc-30df062a7e1c/resourceGroups/sre-resourcegp/providers/Microsoft.Network/privateDnsZones/privatelink.westeurope.azmk8s.io",
            "max_number_of_record_sets": 25000,
            "max_number_of_virtual_network_links": 1000,
            "max_number_of_virtual_network_links_with_registration": 100,
            "name": "privatelink.westeurope.azmk8s.io",
            "number_of_record_sets": 1,
            "resource_group_name": "sre-resourcegp",
            "soa_record": [
              {
                "email": "azureprivatedns-host.microsoft.com",
                "expire_time": 2419200,
                "fqdn": "privatelink.westeurope.azmk8s.io.",
                "host_name": "azureprivatedns.net",
                "minimum_ttl": 10,
                "refresh_time": 3600,
                "retry_time": 300,
                "serial_number": 1,
                "tags": {},
                "ttl": 3600
              }
            ],
            "tags": null,
            "timeouts": null
          },
          "sensitive_attributes": [],
          "private": "eyJlMmJmYjczMC1lY2FhLTExZTYtOGY4OC0zNDM2M2JjN2M0YzAiOnsiY3JlYXRlIjoxODAwMDAwMDAwMDAwLCJkZWxldGUiOjE4MDAwMDAwMDAwMDAsInJlYWQiOjMwMDAwMDAwMDAwMCwidXBkYXRlIjoxODAwMDAwMDAwMDAwfX0=",
          "dependencies": [
            "azurerm_resource_group.example"
          ]
        }
      ]
    },
    {
      "mode": "managed",
      "type": "azurerm_public_ip",
      "name": "example",
      "provider": "provider[\"registry.terraform.io/hashicorp/azurerm\"]",
      "instances": [
        {
          "schema_version": 0,
          "attributes": {
            "allocation_method": "Static",
            "ddos_protection_mode": "VirtualNetworkInherited",
            "ddos_protection_plan_id": null,
            "domain_name_label": null,
            "edge_zone": "",
            "fqdn": null,
            "id": "/subscriptions/cfbf374e-840a-4c91-adbc-30df062a7e1c/resourceGroups/sre-resourcegp/providers/Microsoft.Network/publicIPAddresses/example-pip",
            "idle_timeout_in_minutes": 4,
            "ip_address": "20.234.146.229",
            "ip_tags": null,
            "ip_version": "IPv4",
            "location": "westeurope",
            "name": "example-pip",
            "public_ip_prefix_id": null,
            "resource_group_name": "sre-resourcegp",
            "reverse_fqdn": null,
            "sku": "Standard",
            "sku_tier": "Regional",
            "tags": null,
            "timeouts": null,
            "zones": null
          },
          "sensitive_attributes": [],
          "private": "eyJlMmJmYjczMC1lY2FhLTExZTYtOGY4OC0zNDM2M2JjN2M0YzAiOnsiY3JlYXRlIjoxODAwMDAwMDAwMDAwLCJkZWxldGUiOjE4MDAwMDAwMDAwMDAsInJlYWQiOjMwMDAwMDAwMDAwMCwidXBkYXRlIjoxODAwMDAwMDAwMDAwfX0=",
          "dependencies": [
            "azurerm_resource_group.example"
          ]
        }
      ]
    },
    {
      "mode": "managed",
      "type": "azurerm_resource_group",
      "name": "example",
      "provider": "provider[\"registry.terraform.io/hashicorp/azurerm\"]",
      "instances": [
        {
          "schema_version": 0,
          "attributes": {
            "id": "/subscriptions/cfbf374e-840a-4c91-adbc-30df062a7e1c/resourceGroups/sre-resourcegp",
            "location": "westeurope",
            "managed_by": "",
            "name": "sre-resourcegp",
            "tags": {},
            "timeouts": null
          },
          "sensitive_attributes": [],
          "private": "eyJlMmJmYjczMC1lY2FhLTExZTYtOGY4OC0zNDM2M2JjN2M0YzAiOnsiY3JlYXRlIjo1NDAwMDAwMDAwMDAwLCJkZWxldGUiOjU0MDAwMDAwMDAwMDAsInJlYWQiOjMwMDAwMDAwMDAwMCwidXBkYXRlIjo1NDAwMDAwMDAwMDAwfX0="
        }
      ]
    },
    {
      "mode": "managed",
      "type": "azurerm_role_assignment",
      "name": "example",
      "provider": "provider[\"registry.terraform.io/hashicorp/azurerm\"]",
      "instances": [
        {
          "schema_version": 0,
          "attributes": {
            "condition": "",
            "condition_version": "",
            "delegated_managed_identity_resource_id": "",
            "description": "",
            "id": "/subscriptions/cfbf374e-840a-4c91-adbc-30df062a7e1c/resourceGroups/sre-resourcegp/providers/Microsoft.Network/privateDnsZones/privatelink.westeurope.azmk8s.io/providers/Microsoft.Authorization/roleAssignments/106466ef-f9d3-9357-d4d2-78f227e7c1c6",
            "name": "106466ef-f9d3-9357-d4d2-78f227e7c1c6",
            "principal_id": "7d21af6f-340a-431c-a374-bfbc52e0ef28",
            "principal_type": "ServicePrincipal",
            "role_definition_id": "/subscriptions/cfbf374e-840a-4c91-adbc-30df062a7e1c/providers/Microsoft.Authorization/roleDefinitions/b12aa53e-6015-4669-85d0-8515ebb3ae7f",
            "role_definition_name": "Private DNS Zone Contributor",
            "scope": "/subscriptions/cfbf374e-840a-4c91-adbc-30df062a7e1c/resourceGroups/sre-resourcegp/providers/Microsoft.Network/privateDnsZones/privatelink.westeurope.azmk8s.io",
            "skip_service_principal_aad_check": null,
            "timeouts": null
          },
          "sensitive_attributes": [],
          "private": "eyJlMmJmYjczMC1lY2FhLTExZTYtOGY4OC0zNDM2M2JjN2M0YzAiOnsiY3JlYXRlIjoxODAwMDAwMDAwMDAwLCJkZWxldGUiOjE4MDAwMDAwMDAwMDAsInJlYWQiOjMwMDAwMDAwMDAwMH19",
          "dependencies": [
            "azurerm_private_dns_zone.example",
            "azurerm_resource_group.example",
            "azurerm_user_assigned_identity.example"
          ]
        }
      ]
    },
    {
      "mode": "managed",
      "type": "azurerm_subnet",
      "name": "aks",
      "provider": "provider[\"registry.terraform.io/hashicorp/azurerm\"]",
      "instances": [
        {
          "schema_version": 0,
          "attributes": {
            "address_prefixes": [
              "10.254.0.0/24"
            ],
            "delegation": [],
            "enforce_private_link_endpoint_network_policies": false,
            "enforce_private_link_service_network_policies": false,
            "id": "/subscriptions/cfbf374e-840a-4c91-adbc-30df062a7e1c/resourceGroups/sre-resourcegp/providers/Microsoft.Network/virtualNetworks/sre-network/subnets/aks-subnet",
            "name": "aks-subnet",
            "private_endpoint_network_policies_enabled": true,
            "private_link_service_network_policies_enabled": true,
            "resource_group_name": "sre-resourcegp",
            "service_endpoint_policy_ids": [],
            "service_endpoints": [],
            "timeouts": null,
            "virtual_network_name": "sre-network"
          },
          "sensitive_attributes": [],
          "private": "eyJlMmJmYjczMC1lY2FhLTExZTYtOGY4OC0zNDM2M2JjN2M0YzAiOnsiY3JlYXRlIjoxODAwMDAwMDAwMDAwLCJkZWxldGUiOjE4MDAwMDAwMDAwMDAsInJlYWQiOjMwMDAwMDAwMDAwMCwidXBkYXRlIjoxODAwMDAwMDAwMDAwfX0=",
          "dependencies": [
            "azurerm_resource_group.example",
            "azurerm_virtual_network.example"
          ]
        }
      ]
    },
    {
      "mode": "managed",
      "type": "azurerm_subnet",
      "name": "appgw",
      "provider": "provider[\"registry.terraform.io/hashicorp/azurerm\"]",
      "instances": [
        {
          "schema_version": 0,
          "attributes": {
            "address_prefixes": [
              "10.254.1.0/24"
            ],
            "delegation": [],
            "enforce_private_link_endpoint_network_policies": false,
            "enforce_private_link_service_network_policies": false,
            "id": "/subscriptions/cfbf374e-840a-4c91-adbc-30df062a7e1c/resourceGroups/sre-resourcegp/providers/Microsoft.Network/virtualNetworks/sre-network/subnets/appgw-subnet",
            "name": "appgw-subnet",
            "private_endpoint_network_policies_enabled": true,
            "private_link_service_network_policies_enabled": true,
            "resource_group_name": "sre-resourcegp",
            "service_endpoint_policy_ids": [],
            "service_endpoints": [],
            "timeouts": null,
            "virtual_network_name": "sre-network"
          },
          "sensitive_attributes": [],
          "private": "eyJlMmJmYjczMC1lY2FhLTExZTYtOGY4OC0zNDM2M2JjN2M0YzAiOnsiY3JlYXRlIjoxODAwMDAwMDAwMDAwLCJkZWxldGUiOjE4MDAwMDAwMDAwMDAsInJlYWQiOjMwMDAwMDAwMDAwMCwidXBkYXRlIjoxODAwMDAwMDAwMDAwfX0=",
          "dependencies": [
            "azurerm_resource_group.example",
            "azurerm_virtual_network.example"
          ]
        }
      ]
    },
    {
      "mode": "managed",
      "type": "azurerm_user_assigned_identity",
      "name": "example",
      "provider": "provider[\"registry.terraform.io/hashicorp/azurerm\"]",
      "instances": [
        {
          "schema_version": 1,
          "attributes": {
            "client_id": "5c55f8d9-67f9-42f4-bc3d-52ff1301a943",
            "id": "/subscriptions/cfbf374e-840a-4c91-adbc-30df062a7e1c/resourceGroups/sre-resourcegp/providers/Microsoft.ManagedIdentity/userAssignedIdentities/aks-example-identity",
            "location": "westeurope",
            "name": "aks-example-identity",
            "principal_id": "7d21af6f-340a-431c-a374-bfbc52e0ef28",
            "resource_group_name": "sre-resourcegp",
            "tags": {},
            "tenant_id": "d032994e-e52c-4d44-bc79-9fd88e88ad02",
            "timeouts": null
          },
          "sensitive_attributes": [],
          "private": "eyJlMmJmYjczMC1lY2FhLTExZTYtOGY4OC0zNDM2M2JjN2M0YzAiOnsiY3JlYXRlIjoxODAwMDAwMDAwMDAwLCJkZWxldGUiOjE4MDAwMDAwMDAwMDAsInJlYWQiOjMwMDAwMDAwMDAwMCwidXBkYXRlIjoxODAwMDAwMDAwMDAwfSwic2NoZW1hX3ZlcnNpb24iOiIxIn0=",
          "dependencies": [
            "azurerm_resource_group.example"
          ]
        }
      ]
    },
    {
      "mode": "managed",
      "type": "azurerm_virtual_network",
      "name": "example",
      "provider": "provider[\"registry.terraform.io/hashicorp/azurerm\"]",
      "instances": [
        {
          "schema_version": 0,
          "attributes": {
            "address_space": [
              "10.254.0.0/16"
            ],
            "bgp_community": "",
            "ddos_protection_plan": [],
            "dns_servers": [],
            "edge_zone": "",
            "encryption": [],
            "flow_timeout_in_minutes": 0,
            "guid": "f76acd7f-1b37-4050-8112-b88dec1a6ca4",
            "id": "/subscriptions/cfbf374e-840a-4c91-adbc-30df062a7e1c/resourceGroups/sre-resourcegp/providers/Microsoft.Network/virtualNetworks/sre-network",
            "location": "westeurope",
            "name": "sre-network",
            "resource_group_name": "sre-resourcegp",
            "subnet": [
              {
                "address_prefix": "10.254.0.0/24",
                "id": "/subscriptions/cfbf374e-840a-4c91-adbc-30df062a7e1c/resourceGroups/sre-resourcegp/providers/Microsoft.Network/virtualNetworks/sre-network/subnets/aks-subnet",
                "name": "aks-subnet",
                "security_group": ""
              },
              {
                "address_prefix": "10.254.1.0/24",
                "id": "/subscriptions/cfbf374e-840a-4c91-adbc-30df062a7e1c/resourceGroups/sre-resourcegp/providers/Microsoft.Network/virtualNetworks/sre-network/subnets/appgw-subnet",
                "name": "appgw-subnet",
                "security_group": ""
              }
            ],
            "tags": {},
            "timeouts": null
          },
          "sensitive_attributes": [],
          "private": "eyJlMmJmYjczMC1lY2FhLTExZTYtOGY4OC0zNDM2M2JjN2M0YzAiOnsiY3JlYXRlIjoxODAwMDAwMDAwMDAwLCJkZWxldGUiOjE4MDAwMDAwMDAwMDAsInJlYWQiOjMwMDAwMDAwMDAwMCwidXBkYXRlIjoxODAwMDAwMDAwMDAwfX0=",
          "dependencies": [
            "azurerm_resource_group.example"
          ]
        }
      ]
    }
  ],
  "check_results": null
}
